
Microsoft Visual Studio Solution File, Format Version 12.00
# Visual Studio Version 17
VisualStudioVersion = 17.0.31903.59
MinimumVisualStudioVersion = 10.0.40219.1
Project("{FAE04EC0-301F-11D3-BF4B-00C04F79EFBC}") = "ConsoleApp1", "ConsoleApp1\ConsoleApp1.csproj", "{551FF5E8-5250-423F-8919-9CAE7DD531BE}"
EndProject
Project("{FAE04EC0-301F-11D3-BF4B-00C04F79EFBC}") = "ConsoleApp2", "ConsoleApp2\ConsoleApp2.csproj", "{025B8549-1D78-47DD-8F73-B5442B4D25BF}"
EndProject
Project("{2150E333-8FDC-42A3-9474-1A3956D46DE8}") = "Day-3", "Day-3", "{EB8F5703-7212-4A4A-B8C8-D5D8E5A0B36E}"
EndProject
Project("{FAE04EC0-301F-11D3-BF4B-00C04F79EFBC}") = "Class", "Day-3\Class\Class.csproj", "{F37CFB61-94C1-4953-AC76-17260F61D461}"
EndProject
Project("{FAE04EC0-301F-11D3-BF4B-00C04F79EFBC}") = "Class-Parameter", "Day-3\Class-Parameter\Class-Parameter.csproj", "{BA799F2D-A7AC-4604-97CE-79F4330933F8}"
EndProject
Project("{FAE04EC0-301F-11D3-BF4B-00C04F79EFBC}") = "Class-Structure", "Day-3\Class-Structure\Class-Structure.csproj", "{B05F843C-F277-4740-92E5-827153A0C42C}"
EndProject
Project("{FAE04EC0-301F-11D3-BF4B-00C04F79EFBC}") = "Default-Constructor", "Day-3\Default-Constructor\Default-Constructor.csproj", "{80EF7089-A67D-4506-8623-30C4788AB91F}"
EndProject
Project("{FAE04EC0-301F-11D3-BF4B-00C04F79EFBC}") = "Constructor", "Day-3\Constructor\Constructor.csproj", "{2BD3FE4E-BEA3-40C0-9C85-EE85526429C7}"
EndProject
Project("{FAE04EC0-301F-11D3-BF4B-00C04F79EFBC}") = "Custom-Constructor", "Day-3\Custom-Constructor\Custom-Constructor.csproj", "{05590C7B-02C8-4241-975B-85170D75DD6B}"
EndProject
Project("{FAE04EC0-301F-11D3-BF4B-00C04F79EFBC}") = "Constructor-Overloading", "Day-3\Constructor-Overloading\Constructor-Overloading.csproj", "{857A98FD-7DE4-4372-8402-BB284326B552}"
EndProject
Project("{FAE04EC0-301F-11D3-BF4B-00C04F79EFBC}") = "Composition", "Day-3\Composition\Composition.csproj", "{1966DE3A-CC38-4C29-A0FC-F612C243DD94}"
EndProject
Project("{FAE04EC0-301F-11D3-BF4B-00C04F79EFBC}") = "Calculator", "Day-3\Calculator\Calculator.csproj", "{563E4359-167E-402F-A731-928AE60A4804}"
EndProject
Project("{FAE04EC0-301F-11D3-BF4B-00C04F79EFBC}") = "A-Before-Inheritance", "Day-3\A-Before-Inheritance\A-Before-Inheritance.csproj", "{48C1F541-2565-4651-9ACD-7F42767FFAEC}"
EndProject
Project("{FAE04EC0-301F-11D3-BF4B-00C04F79EFBC}") = "AA-Question1", "Day-3\AA-Question1\AA-Question1.csproj", "{D054B8FC-0A9F-4006-B6F3-50B6F49DD248}"
EndProject
Project("{FAE04EC0-301F-11D3-BF4B-00C04F79EFBC}") = "AB-Question2", "Day-3\AB-Question2\AB-Question2.csproj", "{0786886F-C945-4632-8172-F0C85435CE73}"
EndProject
Project("{FAE04EC0-301F-11D3-BF4B-00C04F79EFBC}") = "AC-Question3", "Day-3\AC-Question3\AC-Question3.csproj", "{1B490E90-622F-4E59-A2E4-1EDA0D927DDC}"
EndProject
Project("{FAE04EC0-301F-11D3-BF4B-00C04F79EFBC}") = "AD-Question4", "Day-3\AD-Question4\AD-Question4.csproj", "{08D82F38-C8AC-4200-A1EE-0536FCE31996}"
EndProject
Project("{FAE04EC0-301F-11D3-BF4B-00C04F79EFBC}") = "AE-Question5", "Day-3\AE-Question5\AE-Question5.csproj", "{FADFBA57-4780-48A7-93CC-7A8700CDE63F}"
EndProject
Project("{FAE04EC0-301F-11D3-BF4B-00C04F79EFBC}") = "B-After-Inheritance", "Day-3\B-After-Inheritance\B-After-Inheritance.csproj", "{8754EA0F-667E-498F-8D1E-6BC894159A4C}"
EndProject
Global
	GlobalSection(SolutionConfigurationPlatforms) = preSolution
		Debug|Any CPU = Debug|Any CPU
		Debug|x64 = Debug|x64
		Debug|x86 = Debug|x86
		Release|Any CPU = Release|Any CPU
		Release|x64 = Release|x64
		Release|x86 = Release|x86
	EndGlobalSection
	GlobalSection(ProjectConfigurationPlatforms) = postSolution
		{551FF5E8-5250-423F-8919-9CAE7DD531BE}.Debug|Any CPU.ActiveCfg = Debug|Any CPU
		{551FF5E8-5250-423F-8919-9CAE7DD531BE}.Debug|Any CPU.Build.0 = Debug|Any CPU
		{551FF5E8-5250-423F-8919-9CAE7DD531BE}.Debug|x64.ActiveCfg = Debug|Any CPU
		{551FF5E8-5250-423F-8919-9CAE7DD531BE}.Debug|x64.Build.0 = Debug|Any CPU
		{551FF5E8-5250-423F-8919-9CAE7DD531BE}.Debug|x86.ActiveCfg = Debug|Any CPU
		{551FF5E8-5250-423F-8919-9CAE7DD531BE}.Debug|x86.Build.0 = Debug|Any CPU
		{551FF5E8-5250-423F-8919-9CAE7DD531BE}.Release|Any CPU.ActiveCfg = Release|Any CPU
		{551FF5E8-5250-423F-8919-9CAE7DD531BE}.Release|Any CPU.Build.0 = Release|Any CPU
		{551FF5E8-5250-423F-8919-9CAE7DD531BE}.Release|x64.ActiveCfg = Release|Any CPU
		{551FF5E8-5250-423F-8919-9CAE7DD531BE}.Release|x64.Build.0 = Release|Any CPU
		{551FF5E8-5250-423F-8919-9CAE7DD531BE}.Release|x86.ActiveCfg = Release|Any CPU
		{551FF5E8-5250-423F-8919-9CAE7DD531BE}.Release|x86.Build.0 = Release|Any CPU
		{025B8549-1D78-47DD-8F73-B5442B4D25BF}.Debug|Any CPU.ActiveCfg = Debug|Any CPU
		{025B8549-1D78-47DD-8F73-B5442B4D25BF}.Debug|Any CPU.Build.0 = Debug|Any CPU
		{025B8549-1D78-47DD-8F73-B5442B4D25BF}.Debug|x64.ActiveCfg = Debug|Any CPU
		{025B8549-1D78-47DD-8F73-B5442B4D25BF}.Debug|x64.Build.0 = Debug|Any CPU
		{025B8549-1D78-47DD-8F73-B5442B4D25BF}.Debug|x86.ActiveCfg = Debug|Any CPU
		{025B8549-1D78-47DD-8F73-B5442B4D25BF}.Debug|x86.Build.0 = Debug|Any CPU
		{025B8549-1D78-47DD-8F73-B5442B4D25BF}.Release|Any CPU.ActiveCfg = Release|Any CPU
		{025B8549-1D78-47DD-8F73-B5442B4D25BF}.Release|Any CPU.Build.0 = Release|Any CPU
		{025B8549-1D78-47DD-8F73-B5442B4D25BF}.Release|x64.ActiveCfg = Release|Any CPU
		{025B8549-1D78-47DD-8F73-B5442B4D25BF}.Release|x64.Build.0 = Release|Any CPU
		{025B8549-1D78-47DD-8F73-B5442B4D25BF}.Release|x86.ActiveCfg = Release|Any CPU
		{025B8549-1D78-47DD-8F73-B5442B4D25BF}.Release|x86.Build.0 = Release|Any CPU
		{F37CFB61-94C1-4953-AC76-17260F61D461}.Debug|Any CPU.ActiveCfg = Debug|Any CPU
		{F37CFB61-94C1-4953-AC76-17260F61D461}.Debug|Any CPU.Build.0 = Debug|Any CPU
		{F37CFB61-94C1-4953-AC76-17260F61D461}.Debug|x64.ActiveCfg = Debug|Any CPU
		{F37CFB61-94C1-4953-AC76-17260F61D461}.Debug|x64.Build.0 = Debug|Any CPU
		{F37CFB61-94C1-4953-AC76-17260F61D461}.Debug|x86.ActiveCfg = Debug|Any CPU
		{F37CFB61-94C1-4953-AC76-17260F61D461}.Debug|x86.Build.0 = Debug|Any CPU
		{F37CFB61-94C1-4953-AC76-17260F61D461}.Release|Any CPU.ActiveCfg = Release|Any CPU
		{F37CFB61-94C1-4953-AC76-17260F61D461}.Release|Any CPU.Build.0 = Release|Any CPU
		{F37CFB61-94C1-4953-AC76-17260F61D461}.Release|x64.ActiveCfg = Release|Any CPU
		{F37CFB61-94C1-4953-AC76-17260F61D461}.Release|x64.Build.0 = Release|Any CPU
		{F37CFB61-94C1-4953-AC76-17260F61D461}.Release|x86.ActiveCfg = Release|Any CPU
		{F37CFB61-94C1-4953-AC76-17260F61D461}.Release|x86.Build.0 = Release|Any CPU
		{BA799F2D-A7AC-4604-97CE-79F4330933F8}.Debug|Any CPU.ActiveCfg = Debug|Any CPU
		{BA799F2D-A7AC-4604-97CE-79F4330933F8}.Debug|Any CPU.Build.0 = Debug|Any CPU
		{BA799F2D-A7AC-4604-97CE-79F4330933F8}.Debug|x64.ActiveCfg = Debug|Any CPU
		{BA799F2D-A7AC-4604-97CE-79F4330933F8}.Debug|x64.Build.0 = Debug|Any CPU
		{BA799F2D-A7AC-4604-97CE-79F4330933F8}.Debug|x86.ActiveCfg = Debug|Any CPU
		{BA799F2D-A7AC-4604-97CE-79F4330933F8}.Debug|x86.Build.0 = Debug|Any CPU
		{BA799F2D-A7AC-4604-97CE-79F4330933F8}.Release|Any CPU.ActiveCfg = Release|Any CPU
		{BA799F2D-A7AC-4604-97CE-79F4330933F8}.Release|Any CPU.Build.0 = Release|Any CPU
		{BA799F2D-A7AC-4604-97CE-79F4330933F8}.Release|x64.ActiveCfg = Release|Any CPU
		{BA799F2D-A7AC-4604-97CE-79F4330933F8}.Release|x64.Build.0 = Release|Any CPU
		{BA799F2D-A7AC-4604-97CE-79F4330933F8}.Release|x86.ActiveCfg = Release|Any CPU
		{BA799F2D-A7AC-4604-97CE-79F4330933F8}.Release|x86.Build.0 = Release|Any CPU
		{B05F843C-F277-4740-92E5-827153A0C42C}.Debug|Any CPU.ActiveCfg = Debug|Any CPU
		{B05F843C-F277-4740-92E5-827153A0C42C}.Debug|Any CPU.Build.0 = Debug|Any CPU
		{B05F843C-F277-4740-92E5-827153A0C42C}.Debug|x64.ActiveCfg = Debug|Any CPU
		{B05F843C-F277-4740-92E5-827153A0C42C}.Debug|x64.Build.0 = Debug|Any CPU
		{B05F843C-F277-4740-92E5-827153A0C42C}.Debug|x86.ActiveCfg = Debug|Any CPU
		{B05F843C-F277-4740-92E5-827153A0C42C}.Debug|x86.Build.0 = Debug|Any CPU
		{B05F843C-F277-4740-92E5-827153A0C42C}.Release|Any CPU.ActiveCfg = Release|Any CPU
		{B05F843C-F277-4740-92E5-827153A0C42C}.Release|Any CPU.Build.0 = Release|Any CPU
		{B05F843C-F277-4740-92E5-827153A0C42C}.Release|x64.ActiveCfg = Release|Any CPU
		{B05F843C-F277-4740-92E5-827153A0C42C}.Release|x64.Build.0 = Release|Any CPU
		{B05F843C-F277-4740-92E5-827153A0C42C}.Release|x86.ActiveCfg = Release|Any CPU
		{B05F843C-F277-4740-92E5-827153A0C42C}.Release|x86.Build.0 = Release|Any CPU
		{80EF7089-A67D-4506-8623-30C4788AB91F}.Debug|Any CPU.ActiveCfg = Debug|Any CPU
		{80EF7089-A67D-4506-8623-30C4788AB91F}.Debug|Any CPU.Build.0 = Debug|Any CPU
		{80EF7089-A67D-4506-8623-30C4788AB91F}.Debug|x64.ActiveCfg = Debug|Any CPU
		{80EF7089-A67D-4506-8623-30C4788AB91F}.Debug|x64.Build.0 = Debug|Any CPU
		{80EF7089-A67D-4506-8623-30C4788AB91F}.Debug|x86.ActiveCfg = Debug|Any CPU
		{80EF7089-A67D-4506-8623-30C4788AB91F}.Debug|x86.Build.0 = Debug|Any CPU
		{80EF7089-A67D-4506-8623-30C4788AB91F}.Release|Any CPU.ActiveCfg = Release|Any CPU
		{80EF7089-A67D-4506-8623-30C4788AB91F}.Release|Any CPU.Build.0 = Release|Any CPU
		{80EF7089-A67D-4506-8623-30C4788AB91F}.Release|x64.ActiveCfg = Release|Any CPU
		{80EF7089-A67D-4506-8623-30C4788AB91F}.Release|x64.Build.0 = Release|Any CPU
		{80EF7089-A67D-4506-8623-30C4788AB91F}.Release|x86.ActiveCfg = Release|Any CPU
		{80EF7089-A67D-4506-8623-30C4788AB91F}.Release|x86.Build.0 = Release|Any CPU
		{2BD3FE4E-BEA3-40C0-9C85-EE85526429C7}.Debug|Any CPU.ActiveCfg = Debug|Any CPU
		{2BD3FE4E-BEA3-40C0-9C85-EE85526429C7}.Debug|Any CPU.Build.0 = Debug|Any CPU
		{2BD3FE4E-BEA3-40C0-9C85-EE85526429C7}.Debug|x64.ActiveCfg = Debug|Any CPU
		{2BD3FE4E-BEA3-40C0-9C85-EE85526429C7}.Debug|x64.Build.0 = Debug|Any CPU
		{2BD3FE4E-BEA3-40C0-9C85-EE85526429C7}.Debug|x86.ActiveCfg = Debug|Any CPU
		{2BD3FE4E-BEA3-40C0-9C85-EE85526429C7}.Debug|x86.Build.0 = Debug|Any CPU
		{2BD3FE4E-BEA3-40C0-9C85-EE85526429C7}.Release|Any CPU.ActiveCfg = Release|Any CPU
		{2BD3FE4E-BEA3-40C0-9C85-EE85526429C7}.Release|Any CPU.Build.0 = Release|Any CPU
		{2BD3FE4E-BEA3-40C0-9C85-EE85526429C7}.Release|x64.ActiveCfg = Release|Any CPU
		{2BD3FE4E-BEA3-40C0-9C85-EE85526429C7}.Release|x64.Build.0 = Release|Any CPU
		{2BD3FE4E-BEA3-40C0-9C85-EE85526429C7}.Release|x86.ActiveCfg = Release|Any CPU
		{2BD3FE4E-BEA3-40C0-9C85-EE85526429C7}.Release|x86.Build.0 = Release|Any CPU
		{05590C7B-02C8-4241-975B-85170D75DD6B}.Debug|Any CPU.ActiveCfg = Debug|Any CPU
		{05590C7B-02C8-4241-975B-85170D75DD6B}.Debug|Any CPU.Build.0 = Debug|Any CPU
		{05590C7B-02C8-4241-975B-85170D75DD6B}.Debug|x64.ActiveCfg = Debug|Any CPU
		{05590C7B-02C8-4241-975B-85170D75DD6B}.Debug|x64.Build.0 = Debug|Any CPU
		{05590C7B-02C8-4241-975B-85170D75DD6B}.Debug|x86.ActiveCfg = Debug|Any CPU
		{05590C7B-02C8-4241-975B-85170D75DD6B}.Debug|x86.Build.0 = Debug|Any CPU
		{05590C7B-02C8-4241-975B-85170D75DD6B}.Release|Any CPU.ActiveCfg = Release|Any CPU
		{05590C7B-02C8-4241-975B-85170D75DD6B}.Release|Any CPU.Build.0 = Release|Any CPU
		{05590C7B-02C8-4241-975B-85170D75DD6B}.Release|x64.ActiveCfg = Release|Any CPU
		{05590C7B-02C8-4241-975B-85170D75DD6B}.Release|x64.Build.0 = Release|Any CPU
		{05590C7B-02C8-4241-975B-85170D75DD6B}.Release|x86.ActiveCfg = Release|Any CPU
		{05590C7B-02C8-4241-975B-85170D75DD6B}.Release|x86.Build.0 = Release|Any CPU
		{857A98FD-7DE4-4372-8402-BB284326B552}.Debug|Any CPU.ActiveCfg = Debug|Any CPU
		{857A98FD-7DE4-4372-8402-BB284326B552}.Debug|Any CPU.Build.0 = Debug|Any CPU
		{857A98FD-7DE4-4372-8402-BB284326B552}.Debug|x64.ActiveCfg = Debug|Any CPU
		{857A98FD-7DE4-4372-8402-BB284326B552}.Debug|x64.Build.0 = Debug|Any CPU
		{857A98FD-7DE4-4372-8402-BB284326B552}.Debug|x86.ActiveCfg = Debug|Any CPU
		{857A98FD-7DE4-4372-8402-BB284326B552}.Debug|x86.Build.0 = Debug|Any CPU
		{857A98FD-7DE4-4372-8402-BB284326B552}.Release|Any CPU.ActiveCfg = Release|Any CPU
		{857A98FD-7DE4-4372-8402-BB284326B552}.Release|Any CPU.Build.0 = Release|Any CPU
		{857A98FD-7DE4-4372-8402-BB284326B552}.Release|x64.ActiveCfg = Release|Any CPU
		{857A98FD-7DE4-4372-8402-BB284326B552}.Release|x64.Build.0 = Release|Any CPU
		{857A98FD-7DE4-4372-8402-BB284326B552}.Release|x86.ActiveCfg = Release|Any CPU
		{857A98FD-7DE4-4372-8402-BB284326B552}.Release|x86.Build.0 = Release|Any CPU
		{1966DE3A-CC38-4C29-A0FC-F612C243DD94}.Debug|Any CPU.ActiveCfg = Debug|Any CPU
		{1966DE3A-CC38-4C29-A0FC-F612C243DD94}.Debug|Any CPU.Build.0 = Debug|Any CPU
		{1966DE3A-CC38-4C29-A0FC-F612C243DD94}.Debug|x64.ActiveCfg = Debug|Any CPU
		{1966DE3A-CC38-4C29-A0FC-F612C243DD94}.Debug|x64.Build.0 = Debug|Any CPU
		{1966DE3A-CC38-4C29-A0FC-F612C243DD94}.Debug|x86.ActiveCfg = Debug|Any CPU
		{1966DE3A-CC38-4C29-A0FC-F612C243DD94}.Debug|x86.Build.0 = Debug|Any CPU
		{1966DE3A-CC38-4C29-A0FC-F612C243DD94}.Release|Any CPU.ActiveCfg = Release|Any CPU
		{1966DE3A-CC38-4C29-A0FC-F612C243DD94}.Release|Any CPU.Build.0 = Release|Any CPU
		{1966DE3A-CC38-4C29-A0FC-F612C243DD94}.Release|x64.ActiveCfg = Release|Any CPU
		{1966DE3A-CC38-4C29-A0FC-F612C243DD94}.Release|x64.Build.0 = Release|Any CPU
		{1966DE3A-CC38-4C29-A0FC-F612C243DD94}.Release|x86.ActiveCfg = Release|Any CPU
		{1966DE3A-CC38-4C29-A0FC-F612C243DD94}.Release|x86.Build.0 = Release|Any CPU
		{563E4359-167E-402F-A731-928AE60A4804}.Debug|Any CPU.ActiveCfg = Debug|Any CPU
		{563E4359-167E-402F-A731-928AE60A4804}.Debug|Any CPU.Build.0 = Debug|Any CPU
		{563E4359-167E-402F-A731-928AE60A4804}.Debug|x64.ActiveCfg = Debug|Any CPU
		{563E4359-167E-402F-A731-928AE60A4804}.Debug|x64.Build.0 = Debug|Any CPU
		{563E4359-167E-402F-A731-928AE60A4804}.Debug|x86.ActiveCfg = Debug|Any CPU
		{563E4359-167E-402F-A731-928AE60A4804}.Debug|x86.Build.0 = Debug|Any CPU
		{563E4359-167E-402F-A731-928AE60A4804}.Release|Any CPU.ActiveCfg = Release|Any CPU
		{563E4359-167E-402F-A731-928AE60A4804}.Release|Any CPU.Build.0 = Release|Any CPU
		{563E4359-167E-402F-A731-928AE60A4804}.Release|x64.ActiveCfg = Release|Any CPU
		{563E4359-167E-402F-A731-928AE60A4804}.Release|x64.Build.0 = Release|Any CPU
		{563E4359-167E-402F-A731-928AE60A4804}.Release|x86.ActiveCfg = Release|Any CPU
		{563E4359-167E-402F-A731-928AE60A4804}.Release|x86.Build.0 = Release|Any CPU
		{48C1F541-2565-4651-9ACD-7F42767FFAEC}.Debug|Any CPU.ActiveCfg = Debug|Any CPU
		{48C1F541-2565-4651-9ACD-7F42767FFAEC}.Debug|Any CPU.Build.0 = Debug|Any CPU
		{48C1F541-2565-4651-9ACD-7F42767FFAEC}.Debug|x64.ActiveCfg = Debug|Any CPU
		{48C1F541-2565-4651-9ACD-7F42767FFAEC}.Debug|x64.Build.0 = Debug|Any CPU
		{48C1F541-2565-4651-9ACD-7F42767FFAEC}.Debug|x86.ActiveCfg = Debug|Any CPU
		{48C1F541-2565-4651-9ACD-7F42767FFAEC}.Debug|x86.Build.0 = Debug|Any CPU
		{48C1F541-2565-4651-9ACD-7F42767FFAEC}.Release|Any CPU.ActiveCfg = Release|Any CPU
		{48C1F541-2565-4651-9ACD-7F42767FFAEC}.Release|Any CPU.Build.0 = Release|Any CPU
		{48C1F541-2565-4651-9ACD-7F42767FFAEC}.Release|x64.ActiveCfg = Release|Any CPU
		{48C1F541-2565-4651-9ACD-7F42767FFAEC}.Release|x64.Build.0 = Release|Any CPU
		{48C1F541-2565-4651-9ACD-7F42767FFAEC}.Release|x86.ActiveCfg = Release|Any CPU
		{48C1F541-2565-4651-9ACD-7F42767FFAEC}.Release|x86.Build.0 = Release|Any CPU
		{D054B8FC-0A9F-4006-B6F3-50B6F49DD248}.Debug|Any CPU.ActiveCfg = Debug|Any CPU
		{D054B8FC-0A9F-4006-B6F3-50B6F49DD248}.Debug|Any CPU.Build.0 = Debug|Any CPU
		{D054B8FC-0A9F-4006-B6F3-50B6F49DD248}.Debug|x64.ActiveCfg = Debug|Any CPU
		{D054B8FC-0A9F-4006-B6F3-50B6F49DD248}.Debug|x64.Build.0 = Debug|Any CPU
		{D054B8FC-0A9F-4006-B6F3-50B6F49DD248}.Debug|x86.ActiveCfg = Debug|Any CPU
		{D054B8FC-0A9F-4006-B6F3-50B6F49DD248}.Debug|x86.Build.0 = Debug|Any CPU
		{D054B8FC-0A9F-4006-B6F3-50B6F49DD248}.Release|Any CPU.ActiveCfg = Release|Any CPU
		{D054B8FC-0A9F-4006-B6F3-50B6F49DD248}.Release|Any CPU.Build.0 = Release|Any CPU
		{D054B8FC-0A9F-4006-B6F3-50B6F49DD248}.Release|x64.ActiveCfg = Release|Any CPU
		{D054B8FC-0A9F-4006-B6F3-50B6F49DD248}.Release|x64.Build.0 = Release|Any CPU
		{D054B8FC-0A9F-4006-B6F3-50B6F49DD248}.Release|x86.ActiveCfg = Release|Any CPU
		{D054B8FC-0A9F-4006-B6F3-50B6F49DD248}.Release|x86.Build.0 = Release|Any CPU
		{0786886F-C945-4632-8172-F0C85435CE73}.Debug|Any CPU.ActiveCfg = Debug|Any CPU
		{0786886F-C945-4632-8172-F0C85435CE73}.Debug|Any CPU.Build.0 = Debug|Any CPU
		{0786886F-C945-4632-8172-F0C85435CE73}.Debug|x64.ActiveCfg = Debug|Any CPU
		{0786886F-C945-4632-8172-F0C85435CE73}.Debug|x64.Build.0 = Debug|Any CPU
		{0786886F-C945-4632-8172-F0C85435CE73}.Debug|x86.ActiveCfg = Debug|Any CPU
		{0786886F-C945-4632-8172-F0C85435CE73}.Debug|x86.Build.0 = Debug|Any CPU
		{0786886F-C945-4632-8172-F0C85435CE73}.Release|Any CPU.ActiveCfg = Release|Any CPU
		{0786886F-C945-4632-8172-F0C85435CE73}.Release|Any CPU.Build.0 = Release|Any CPU
		{0786886F-C945-4632-8172-F0C85435CE73}.Release|x64.ActiveCfg = Release|Any CPU
		{0786886F-C945-4632-8172-F0C85435CE73}.Release|x64.Build.0 = Release|Any CPU
		{0786886F-C945-4632-8172-F0C85435CE73}.Release|x86.ActiveCfg = Release|Any CPU
		{0786886F-C945-4632-8172-F0C85435CE73}.Release|x86.Build.0 = Release|Any CPU
		{1B490E90-622F-4E59-A2E4-1EDA0D927DDC}.Debug|Any CPU.ActiveCfg = Debug|Any CPU
		{1B490E90-622F-4E59-A2E4-1EDA0D927DDC}.Debug|Any CPU.Build.0 = Debug|Any CPU
		{1B490E90-622F-4E59-A2E4-1EDA0D927DDC}.Debug|x64.ActiveCfg = Debug|Any CPU
		{1B490E90-622F-4E59-A2E4-1EDA0D927DDC}.Debug|x64.Build.0 = Debug|Any CPU
		{1B490E90-622F-4E59-A2E4-1EDA0D927DDC}.Debug|x86.ActiveCfg = Debug|Any CPU
		{1B490E90-622F-4E59-A2E4-1EDA0D927DDC}.Debug|x86.Build.0 = Debug|Any CPU
		{1B490E90-622F-4E59-A2E4-1EDA0D927DDC}.Release|Any CPU.ActiveCfg = Release|Any CPU
		{1B490E90-622F-4E59-A2E4-1EDA0D927DDC}.Release|Any CPU.Build.0 = Release|Any CPU
		{1B490E90-622F-4E59-A2E4-1EDA0D927DDC}.Release|x64.ActiveCfg = Release|Any CPU
		{1B490E90-622F-4E59-A2E4-1EDA0D927DDC}.Release|x64.Build.0 = Release|Any CPU
		{1B490E90-622F-4E59-A2E4-1EDA0D927DDC}.Release|x86.ActiveCfg = Release|Any CPU
		{1B490E90-622F-4E59-A2E4-1EDA0D927DDC}.Release|x86.Build.0 = Release|Any CPU
		{08D82F38-C8AC-4200-A1EE-0536FCE31996}.Debug|Any CPU.ActiveCfg = Debug|Any CPU
		{08D82F38-C8AC-4200-A1EE-0536FCE31996}.Debug|Any CPU.Build.0 = Debug|Any CPU
		{08D82F38-C8AC-4200-A1EE-0536FCE31996}.Debug|x64.ActiveCfg = Debug|Any CPU
		{08D82F38-C8AC-4200-A1EE-0536FCE31996}.Debug|x64.Build.0 = Debug|Any CPU
		{08D82F38-C8AC-4200-A1EE-0536FCE31996}.Debug|x86.ActiveCfg = Debug|Any CPU
		{08D82F38-C8AC-4200-A1EE-0536FCE31996}.Debug|x86.Build.0 = Debug|Any CPU
		{08D82F38-C8AC-4200-A1EE-0536FCE31996}.Release|Any CPU.ActiveCfg = Release|Any CPU
		{08D82F38-C8AC-4200-A1EE-0536FCE31996}.Release|Any CPU.Build.0 = Release|Any CPU
		{08D82F38-C8AC-4200-A1EE-0536FCE31996}.Release|x64.ActiveCfg = Release|Any CPU
		{08D82F38-C8AC-4200-A1EE-0536FCE31996}.Release|x64.Build.0 = Release|Any CPU
		{08D82F38-C8AC-4200-A1EE-0536FCE31996}.Release|x86.ActiveCfg = Release|Any CPU
		{08D82F38-C8AC-4200-A1EE-0536FCE31996}.Release|x86.Build.0 = Release|Any CPU
		{FADFBA57-4780-48A7-93CC-7A8700CDE63F}.Debug|Any CPU.ActiveCfg = Debug|Any CPU
		{FADFBA57-4780-48A7-93CC-7A8700CDE63F}.Debug|Any CPU.Build.0 = Debug|Any CPU
		{FADFBA57-4780-48A7-93CC-7A8700CDE63F}.Debug|x64.ActiveCfg = Debug|Any CPU
		{FADFBA57-4780-48A7-93CC-7A8700CDE63F}.Debug|x64.Build.0 = Debug|Any CPU
		{FADFBA57-4780-48A7-93CC-7A8700CDE63F}.Debug|x86.ActiveCfg = Debug|Any CPU
		{FADFBA57-4780-48A7-93CC-7A8700CDE63F}.Debug|x86.Build.0 = Debug|Any CPU
		{FADFBA57-4780-48A7-93CC-7A8700CDE63F}.Release|Any CPU.ActiveCfg = Release|Any CPU
		{FADFBA57-4780-48A7-93CC-7A8700CDE63F}.Release|Any CPU.Build.0 = Release|Any CPU
		{FADFBA57-4780-48A7-93CC-7A8700CDE63F}.Release|x64.ActiveCfg = Release|Any CPU
		{FADFBA57-4780-48A7-93CC-7A8700CDE63F}.Release|x64.Build.0 = Release|Any CPU
		{FADFBA57-4780-48A7-93CC-7A8700CDE63F}.Release|x86.ActiveCfg = Release|Any CPU
		{FADFBA57-4780-48A7-93CC-7A8700CDE63F}.Release|x86.Build.0 = Release|Any CPU
		{8754EA0F-667E-498F-8D1E-6BC894159A4C}.Debug|Any CPU.ActiveCfg = Debug|Any CPU
		{8754EA0F-667E-498F-8D1E-6BC894159A4C}.Debug|Any CPU.Build.0 = Debug|Any CPU
		{8754EA0F-667E-498F-8D1E-6BC894159A4C}.Debug|x64.ActiveCfg = Debug|Any CPU
		{8754EA0F-667E-498F-8D1E-6BC894159A4C}.Debug|x64.Build.0 = Debug|Any CPU
		{8754EA0F-667E-498F-8D1E-6BC894159A4C}.Debug|x86.ActiveCfg = Debug|Any CPU
		{8754EA0F-667E-498F-8D1E-6BC894159A4C}.Debug|x86.Build.0 = Debug|Any CPU
		{8754EA0F-667E-498F-8D1E-6BC894159A4C}.Release|Any CPU.ActiveCfg = Release|Any CPU
		{8754EA0F-667E-498F-8D1E-6BC894159A4C}.Release|Any CPU.Build.0 = Release|Any CPU
		{8754EA0F-667E-498F-8D1E-6BC894159A4C}.Release|x64.ActiveCfg = Release|Any CPU
		{8754EA0F-667E-498F-8D1E-6BC894159A4C}.Release|x64.Build.0 = Release|Any CPU
		{8754EA0F-667E-498F-8D1E-6BC894159A4C}.Release|x86.ActiveCfg = Release|Any CPU
		{8754EA0F-667E-498F-8D1E-6BC894159A4C}.Release|x86.Build.0 = Release|Any CPU
	EndGlobalSection
	GlobalSection(SolutionProperties) = preSolution
		HideSolutionNode = FALSE
	EndGlobalSection
	GlobalSection(NestedProjects) = preSolution
		{F37CFB61-94C1-4953-AC76-17260F61D461} = {EB8F5703-7212-4A4A-B8C8-D5D8E5A0B36E}
		{BA799F2D-A7AC-4604-97CE-79F4330933F8} = {EB8F5703-7212-4A4A-B8C8-D5D8E5A0B36E}
		{B05F843C-F277-4740-92E5-827153A0C42C} = {EB8F5703-7212-4A4A-B8C8-D5D8E5A0B36E}
		{80EF7089-A67D-4506-8623-30C4788AB91F} = {EB8F5703-7212-4A4A-B8C8-D5D8E5A0B36E}
		{2BD3FE4E-BEA3-40C0-9C85-EE85526429C7} = {EB8F5703-7212-4A4A-B8C8-D5D8E5A0B36E}
		{05590C7B-02C8-4241-975B-85170D75DD6B} = {EB8F5703-7212-4A4A-B8C8-D5D8E5A0B36E}
		{857A98FD-7DE4-4372-8402-BB284326B552} = {EB8F5703-7212-4A4A-B8C8-D5D8E5A0B36E}
		{1966DE3A-CC38-4C29-A0FC-F612C243DD94} = {EB8F5703-7212-4A4A-B8C8-D5D8E5A0B36E}
		{563E4359-167E-402F-A731-928AE60A4804} = {EB8F5703-7212-4A4A-B8C8-D5D8E5A0B36E}
		{48C1F541-2565-4651-9ACD-7F42767FFAEC} = {EB8F5703-7212-4A4A-B8C8-D5D8E5A0B36E}
		{D054B8FC-0A9F-4006-B6F3-50B6F49DD248} = {EB8F5703-7212-4A4A-B8C8-D5D8E5A0B36E}
		{0786886F-C945-4632-8172-F0C85435CE73} = {EB8F5703-7212-4A4A-B8C8-D5D8E5A0B36E}
		{1B490E90-622F-4E59-A2E4-1EDA0D927DDC} = {EB8F5703-7212-4A4A-B8C8-D5D8E5A0B36E}
		{08D82F38-C8AC-4200-A1EE-0536FCE31996} = {EB8F5703-7212-4A4A-B8C8-D5D8E5A0B36E}
		{FADFBA57-4780-48A7-93CC-7A8700CDE63F} = {EB8F5703-7212-4A4A-B8C8-D5D8E5A0B36E}
		{8754EA0F-667E-498F-8D1E-6BC894159A4C} = {EB8F5703-7212-4A4A-B8C8-D5D8E5A0B36E}
	EndGlobalSection
EndGlobal
