
Microsoft Visual Studio Solution File, Format Version 12.00
# Visual Studio Version 17
VisualStudioVersion = 17.0.31903.59
MinimumVisualStudioVersion = 10.0.40219.1
Project("{FAE04EC0-301F-11D3-BF4B-00C04F79EFBC}") = "ConsoleApp1", "ConsoleApp1\ConsoleApp1.csproj", "{551FF5E8-5250-423F-8919-9CAE7DD531BE}"
EndProject
Project("{FAE04EC0-301F-11D3-BF4B-00C04F79EFBC}") = "ConsoleApp2", "ConsoleApp2\ConsoleApp2.csproj", "{025B8549-1D78-47DD-8F73-B5442B4D25BF}"
EndProject
Project("{2150E333-8FDC-42A3-9474-1A3956D46DE8}") = "Day-3", "Day-3", "{EB8F5703-7212-4A4A-B8C8-D5D8E5A0B36E}"
EndProject
Project("{FAE04EC0-301F-11D3-BF4B-00C04F79EFBC}") = "Class", "Day-3\Class\Class.csproj", "{F37CFB61-94C1-4953-AC76-17260F61D461}"
EndProject
Project("{FAE04EC0-301F-11D3-BF4B-00C04F79EFBC}") = "Class-Parameter", "Day-3\Class-Parameter\Class-Parameter.csproj", "{BA799F2D-A7AC-4604-97CE-79F4330933F8}"
EndProject
Project("{FAE04EC0-301F-11D3-BF4B-00C04F79EFBC}") = "Class-Structure", "Day-3\Class-Structure\Class-Structure.csproj", "{B05F843C-F277-4740-92E5-827153A0C42C}"
EndProject
Project("{FAE04EC0-301F-11D3-BF4B-00C04F79EFBC}") = "Default-Constructor", "Day-3\Default-Constructor\Default-Constructor.csproj", "{80EF7089-A67D-4506-8623-30C4788AB91F}"
EndProject
Project("{FAE04EC0-301F-11D3-BF4B-00C04F79EFBC}") = "Constructor", "Day-3\Constructor\Constructor.csproj", "{2BD3FE4E-BEA3-40C0-9C85-EE85526429C7}"
EndProject
Project("{FAE04EC0-301F-11D3-BF4B-00C04F79EFBC}") = "Custom-Constructor", "Day-3\Custom-Constructor\Custom-Constructor.csproj", "{05590C7B-02C8-4241-975B-85170D75DD6B}"
EndProject
Project("{FAE04EC0-301F-11D3-BF4B-00C04F79EFBC}") = "Constructor-Overloading", "Day-3\Constructor-Overloading\Constructor-Overloading.csproj", "{857A98FD-7DE4-4372-8402-BB284326B552}"
EndProject
Project("{FAE04EC0-301F-11D3-BF4B-00C04F79EFBC}") = "Composition", "Day-3\Composition\Composition.csproj", "{1966DE3A-CC38-4C29-A0FC-F612C243DD94}"
EndProject
Project("{FAE04EC0-301F-11D3-BF4B-00C04F79EFBC}") = "Calculator", "Day-3\Calculator\Calculator.csproj", "{563E4359-167E-402F-A731-928AE60A4804}"
EndProject
Project("{FAE04EC0-301F-11D3-BF4B-00C04F79EFBC}") = "A-Before-Inheritance", "Day-3\A-Before-Inheritance\A-Before-Inheritance.csproj", "{48C1F541-2565-4651-9ACD-7F42767FFAEC}"
EndProject
Project("{FAE04EC0-301F-11D3-BF4B-00C04F79EFBC}") = "AA-Question1", "Day-3\AA-Question1\AA-Question1.csproj", "{D054B8FC-0A9F-4006-B6F3-50B6F49DD248}"
EndProject
Project("{FAE04EC0-301F-11D3-BF4B-00C04F79EFBC}") = "AB-Question2", "Day-3\AB-Question2\AB-Question2.csproj", "{0786886F-C945-4632-8172-F0C85435CE73}"
EndProject
Project("{FAE04EC0-301F-11D3-BF4B-00C04F79EFBC}") = "AC-Question3", "Day-3\AC-Question3\AC-Question3.csproj", "{1B490E90-622F-4E59-A2E4-1EDA0D927DDC}"
EndProject
Project("{FAE04EC0-301F-11D3-BF4B-00C04F79EFBC}") = "AD-Question4", "Day-3\AD-Question4\AD-Question4.csproj", "{08D82F38-C8AC-4200-A1EE-0536FCE31996}"
EndProject
Project("{FAE04EC0-301F-11D3-BF4B-00C04F79EFBC}") = "AE-Question5", "Day-3\AE-Question5\AE-Question5.csproj", "{FADFBA57-4780-48A7-93CC-7A8700CDE63F}"
EndProject
Project("{FAE04EC0-301F-11D3-BF4B-00C04F79EFBC}") = "B-After-Inheritance", "Day-3\B-After-Inheritance\B-After-Inheritance.csproj", "{8754EA0F-667E-498F-8D1E-6BC894159A4C}"
EndProject
Project("{FAE04EC0-301F-11D3-BF4B-00C04F79EFBC}") = "C-Inheritance-Proof", "Day-3\C-Inheritance-Proof\C-Inheritance-Proof.csproj", "{2571E267-E42A-4039-BD83-842480205483}"
EndProject
Project("{FAE04EC0-301F-11D3-BF4B-00C04F79EFBC}") = "D-Inheritance-ParentChildConstructor", "Day-3\D-Inheritance-ParentChildConstructor\D-Inheritance-ParentChildConstructor.csproj", "{975F8DA6-4C35-482C-BACD-F95B562F9CE3}"
EndProject
Project("{FAE04EC0-301F-11D3-BF4B-00C04F79EFBC}") = "F-SolutionParentChildConstructor", "Day-3\F-SolutionParentChildConstructor\F-SolutionParentChildConstructor.csproj", "{B7360F87-D823-4240-910A-A0809DD18087}"
EndProject
Project("{FAE04EC0-301F-11D3-BF4B-00C04F79EFBC}") = "G-Inheritance-ErrorMultipleInheritance", "Day-3\G-Inheritance-ErrorMultipleInheritance\G-Inheritance-ErrorMultipleInheritance.csproj", "{D833673D-5B44-40AF-AADA-1799D12870A8}"
EndProject
Project("{FAE04EC0-301F-11D3-BF4B-00C04F79EFBC}") = "H-Inheritance-GrandParentAnalogy", "Day-3\H-Inheritance-GrandParentAnalogy\H-Inheritance-GrandParentAnalogy.csproj", "{0D97CDC8-6643-48B9-8DCE-4A97F28013FC}"
EndProject
Project("{FAE04EC0-301F-11D3-BF4B-00C04F79EFBC}") = "I-InheritanceComposition", "Day-3\I-InheritanceComposition\I-InheritanceComposition.csproj", "{4EEC7F60-0263-4994-AD3C-B5794D727AB0}"
EndProject
Project("{2150E333-8FDC-42A3-9474-1A3956D46DE8}") = "Day-4", "Day-4", "{93AFEC08-7229-4BBF-A033-AF7FFB52E926}"
EndProject
Project("{FAE04EC0-301F-11D3-BF4B-00C04F79EFBC}") = "A-Encapsulation-Public", "Day-4\A-Encapsulation-Public\A-Encapsulation-Public.csproj", "{203F4C54-47A4-4068-B53B-ED75C8E27D26}"
EndProject
Project("{FAE04EC0-301F-11D3-BF4B-00C04F79EFBC}") = "B-Encapsulation-Private", "Day-4\B-Encapsulation-Private\B-Encapsulation-Private.csproj", "{5B860C45-FC34-45A5-B4DB-0F3405D5D29C}"
EndProject
Project("{FAE04EC0-301F-11D3-BF4B-00C04F79EFBC}") = "C-Encapsulation-Private2", "Day-4\C-Encapsulation-Private2\C-Encapsulation-Private2.csproj", "{4D69F8F4-41B4-488A-9AA7-F77C0DF367D4}"
EndProject
Project("{FAE04EC0-301F-11D3-BF4B-00C04F79EFBC}") = "D-Encapsulation-PrivateNamingConv", "Day-4\D-Encapsulation-PrivateNamingConv\D-Encapsulation-PrivateNamingConv.csproj", "{453A08FD-9B60-4C95-B51D-B0DE2CA9A61B}"
EndProject
Project("{FAE04EC0-301F-11D3-BF4B-00C04F79EFBC}") = "E-Encapsulation-QuestionError", "Day-4\E-Encapsulation-QuestionError\E-Encapsulation-QuestionError.csproj", "{18F4E3EA-66BF-4600-84D3-11E049C8595F}"
EndProject
Project("{FAE04EC0-301F-11D3-BF4B-00C04F79EFBC}") = "F-Encapsulation-Variable", "Day-4\F-Encapsulation-Variable\F-Encapsulation-Variable.csproj", "{39AF72DC-C091-4CC4-9DA1-5A0BA27C2829}"
EndProject
Project("{2150E333-8FDC-42A3-9474-1A3956D46DE8}") = "Practice", "Practice", "{F03061C2-8EFA-47B6-8F11-904E6EC64631}"
EndProject
Project("{2150E333-8FDC-42A3-9474-1A3956D46DE8}") = "Advanced-C#", "Advanced-C#", "{FC37C05E-ED62-461A-B0F3-E9EF5A7DA7AB}"
EndProject
Project("{FAE04EC0-301F-11D3-BF4B-00C04F79EFBC}") = "Delegates", "Practice\Advanced-C#\Delegates\Delegates.csproj", "{2234BC3C-04AD-4509-8EF2-E19BFAEE54D5}"
EndProject
Project("{FAE04EC0-301F-11D3-BF4B-00C04F79EFBC}") = "Event-Handler", "Practice\Advanced-C#\Event-Handler\Event-Handler.csproj", "{0FA37897-12BC-46D6-95D7-80336B67707E}"
EndProject
Project("{2150E333-8FDC-42A3-9474-1A3956D46DE8}") = "C# Language Basics", "C# Language Basics", "{04052CAE-DBFA-4523-8F51-D6AB0AB07E75}"
EndProject
Project("{FAE04EC0-301F-11D3-BF4B-00C04F79EFBC}") = "Arrays", "Practice\C# Language Basics\Arrays\Arrays.csproj", "{91AFD0F1-4DE9-4F2C-88FD-D35E4D7FF33A}"
EndProject
Project("{2150E333-8FDC-42A3-9474-1A3956D46DE8}") = "C#-Language-Basics", "C#-Language-Basics", "{E4CA708A-A13D-4308-A3DC-1407B4C0D2F3}"
EndProject
Project("{FAE04EC0-301F-11D3-BF4B-00C04F79EFBC}") = "Arrays", "Practice\C#-Language-Basics\Arrays\Arrays.csproj", "{11760626-8BDD-4B89-B749-8E569ADAFB54}"
EndProject
Project("{FAE04EC0-301F-11D3-BF4B-00C04F79EFBC}") = "Boolean-Types-and-Operators", "Practice\C#-Language-Basics\Boolean-Types-and-Operators\Boolean-Types-and-Operators.csproj", "{89E1F25A-F264-4A46-8492-825A6AEA52D4}"
EndProject
Project("{FAE04EC0-301F-11D3-BF4B-00C04F79EFBC}") = "Expressions-and-Operators", "Practice\C#-Language-Basics\Expressions-and-Operators\Expressions-and-Operators.csproj", "{FC19D501-5A8A-417E-8CE0-BCB62A0AF90F}"
EndProject
Project("{FAE04EC0-301F-11D3-BF4B-00C04F79EFBC}") = "Namespaces", "Practice\C#-Language-Basics\Namespaces\Namespaces.csproj", "{F9C87946-BEB9-41E9-9EFD-202B30FE959E}"
EndProject
Project("{FAE04EC0-301F-11D3-BF4B-00C04F79EFBC}") = "Null-Operators", "Practice\C#-Language-Basics\Null-Operators\Null-Operators.csproj", "{958D97D1-E16B-46B3-A220-C1D222A9B82C}"
EndProject
Project("{FAE04EC0-301F-11D3-BF4B-00C04F79EFBC}") = "Statements", "Practice\C#-Language-Basics\Statements\Statements.csproj", "{AC679C3F-6E5B-4061-9C1A-1FA70725FFF8}"
EndProject
Global
	GlobalSection(SolutionConfigurationPlatforms) = preSolution
		Debug|Any CPU = Debug|Any CPU
		Debug|x64 = Debug|x64
		Debug|x86 = Debug|x86
		Release|Any CPU = Release|Any CPU
		Release|x64 = Release|x64
		Release|x86 = Release|x86
	EndGlobalSection
	GlobalSection(ProjectConfigurationPlatforms) = postSolution
		{551FF5E8-5250-423F-8919-9CAE7DD531BE}.Debug|Any CPU.ActiveCfg = Debug|Any CPU
		{551FF5E8-5250-423F-8919-9CAE7DD531BE}.Debug|Any CPU.Build.0 = Debug|Any CPU
		{551FF5E8-5250-423F-8919-9CAE7DD531BE}.Debug|x64.ActiveCfg = Debug|Any CPU
		{551FF5E8-5250-423F-8919-9CAE7DD531BE}.Debug|x64.Build.0 = Debug|Any CPU
		{551FF5E8-5250-423F-8919-9CAE7DD531BE}.Debug|x86.ActiveCfg = Debug|Any CPU
		{551FF5E8-5250-423F-8919-9CAE7DD531BE}.Debug|x86.Build.0 = Debug|Any CPU
		{551FF5E8-5250-423F-8919-9CAE7DD531BE}.Release|Any CPU.ActiveCfg = Release|Any CPU
		{551FF5E8-5250-423F-8919-9CAE7DD531BE}.Release|Any CPU.Build.0 = Release|Any CPU
		{551FF5E8-5250-423F-8919-9CAE7DD531BE}.Release|x64.ActiveCfg = Release|Any CPU
		{551FF5E8-5250-423F-8919-9CAE7DD531BE}.Release|x64.Build.0 = Release|Any CPU
		{551FF5E8-5250-423F-8919-9CAE7DD531BE}.Release|x86.ActiveCfg = Release|Any CPU
		{551FF5E8-5250-423F-8919-9CAE7DD531BE}.Release|x86.Build.0 = Release|Any CPU
		{025B8549-1D78-47DD-8F73-B5442B4D25BF}.Debug|Any CPU.ActiveCfg = Debug|Any CPU
		{025B8549-1D78-47DD-8F73-B5442B4D25BF}.Debug|Any CPU.Build.0 = Debug|Any CPU
		{025B8549-1D78-47DD-8F73-B5442B4D25BF}.Debug|x64.ActiveCfg = Debug|Any CPU
		{025B8549-1D78-47DD-8F73-B5442B4D25BF}.Debug|x64.Build.0 = Debug|Any CPU
		{025B8549-1D78-47DD-8F73-B5442B4D25BF}.Debug|x86.ActiveCfg = Debug|Any CPU
		{025B8549-1D78-47DD-8F73-B5442B4D25BF}.Debug|x86.Build.0 = Debug|Any CPU
		{025B8549-1D78-47DD-8F73-B5442B4D25BF}.Release|Any CPU.ActiveCfg = Release|Any CPU
		{025B8549-1D78-47DD-8F73-B5442B4D25BF}.Release|Any CPU.Build.0 = Release|Any CPU
		{025B8549-1D78-47DD-8F73-B5442B4D25BF}.Release|x64.ActiveCfg = Release|Any CPU
		{025B8549-1D78-47DD-8F73-B5442B4D25BF}.Release|x64.Build.0 = Release|Any CPU
		{025B8549-1D78-47DD-8F73-B5442B4D25BF}.Release|x86.ActiveCfg = Release|Any CPU
		{025B8549-1D78-47DD-8F73-B5442B4D25BF}.Release|x86.Build.0 = Release|Any CPU
		{F37CFB61-94C1-4953-AC76-17260F61D461}.Debug|Any CPU.ActiveCfg = Debug|Any CPU
		{F37CFB61-94C1-4953-AC76-17260F61D461}.Debug|Any CPU.Build.0 = Debug|Any CPU
		{F37CFB61-94C1-4953-AC76-17260F61D461}.Debug|x64.ActiveCfg = Debug|Any CPU
		{F37CFB61-94C1-4953-AC76-17260F61D461}.Debug|x64.Build.0 = Debug|Any CPU
		{F37CFB61-94C1-4953-AC76-17260F61D461}.Debug|x86.ActiveCfg = Debug|Any CPU
		{F37CFB61-94C1-4953-AC76-17260F61D461}.Debug|x86.Build.0 = Debug|Any CPU
		{F37CFB61-94C1-4953-AC76-17260F61D461}.Release|Any CPU.ActiveCfg = Release|Any CPU
		{F37CFB61-94C1-4953-AC76-17260F61D461}.Release|Any CPU.Build.0 = Release|Any CPU
		{F37CFB61-94C1-4953-AC76-17260F61D461}.Release|x64.ActiveCfg = Release|Any CPU
		{F37CFB61-94C1-4953-AC76-17260F61D461}.Release|x64.Build.0 = Release|Any CPU
		{F37CFB61-94C1-4953-AC76-17260F61D461}.Release|x86.ActiveCfg = Release|Any CPU
		{F37CFB61-94C1-4953-AC76-17260F61D461}.Release|x86.Build.0 = Release|Any CPU
		{BA799F2D-A7AC-4604-97CE-79F4330933F8}.Debug|Any CPU.ActiveCfg = Debug|Any CPU
		{BA799F2D-A7AC-4604-97CE-79F4330933F8}.Debug|Any CPU.Build.0 = Debug|Any CPU
		{BA799F2D-A7AC-4604-97CE-79F4330933F8}.Debug|x64.ActiveCfg = Debug|Any CPU
		{BA799F2D-A7AC-4604-97CE-79F4330933F8}.Debug|x64.Build.0 = Debug|Any CPU
		{BA799F2D-A7AC-4604-97CE-79F4330933F8}.Debug|x86.ActiveCfg = Debug|Any CPU
		{BA799F2D-A7AC-4604-97CE-79F4330933F8}.Debug|x86.Build.0 = Debug|Any CPU
		{BA799F2D-A7AC-4604-97CE-79F4330933F8}.Release|Any CPU.ActiveCfg = Release|Any CPU
		{BA799F2D-A7AC-4604-97CE-79F4330933F8}.Release|Any CPU.Build.0 = Release|Any CPU
		{BA799F2D-A7AC-4604-97CE-79F4330933F8}.Release|x64.ActiveCfg = Release|Any CPU
		{BA799F2D-A7AC-4604-97CE-79F4330933F8}.Release|x64.Build.0 = Release|Any CPU
		{BA799F2D-A7AC-4604-97CE-79F4330933F8}.Release|x86.ActiveCfg = Release|Any CPU
		{BA799F2D-A7AC-4604-97CE-79F4330933F8}.Release|x86.Build.0 = Release|Any CPU
		{B05F843C-F277-4740-92E5-827153A0C42C}.Debug|Any CPU.ActiveCfg = Debug|Any CPU
		{B05F843C-F277-4740-92E5-827153A0C42C}.Debug|Any CPU.Build.0 = Debug|Any CPU
		{B05F843C-F277-4740-92E5-827153A0C42C}.Debug|x64.ActiveCfg = Debug|Any CPU
		{B05F843C-F277-4740-92E5-827153A0C42C}.Debug|x64.Build.0 = Debug|Any CPU
		{B05F843C-F277-4740-92E5-827153A0C42C}.Debug|x86.ActiveCfg = Debug|Any CPU
		{B05F843C-F277-4740-92E5-827153A0C42C}.Debug|x86.Build.0 = Debug|Any CPU
		{B05F843C-F277-4740-92E5-827153A0C42C}.Release|Any CPU.ActiveCfg = Release|Any CPU
		{B05F843C-F277-4740-92E5-827153A0C42C}.Release|Any CPU.Build.0 = Release|Any CPU
		{B05F843C-F277-4740-92E5-827153A0C42C}.Release|x64.ActiveCfg = Release|Any CPU
		{B05F843C-F277-4740-92E5-827153A0C42C}.Release|x64.Build.0 = Release|Any CPU
		{B05F843C-F277-4740-92E5-827153A0C42C}.Release|x86.ActiveCfg = Release|Any CPU
		{B05F843C-F277-4740-92E5-827153A0C42C}.Release|x86.Build.0 = Release|Any CPU
		{80EF7089-A67D-4506-8623-30C4788AB91F}.Debug|Any CPU.ActiveCfg = Debug|Any CPU
		{80EF7089-A67D-4506-8623-30C4788AB91F}.Debug|Any CPU.Build.0 = Debug|Any CPU
		{80EF7089-A67D-4506-8623-30C4788AB91F}.Debug|x64.ActiveCfg = Debug|Any CPU
		{80EF7089-A67D-4506-8623-30C4788AB91F}.Debug|x64.Build.0 = Debug|Any CPU
		{80EF7089-A67D-4506-8623-30C4788AB91F}.Debug|x86.ActiveCfg = Debug|Any CPU
		{80EF7089-A67D-4506-8623-30C4788AB91F}.Debug|x86.Build.0 = Debug|Any CPU
		{80EF7089-A67D-4506-8623-30C4788AB91F}.Release|Any CPU.ActiveCfg = Release|Any CPU
		{80EF7089-A67D-4506-8623-30C4788AB91F}.Release|Any CPU.Build.0 = Release|Any CPU
		{80EF7089-A67D-4506-8623-30C4788AB91F}.Release|x64.ActiveCfg = Release|Any CPU
		{80EF7089-A67D-4506-8623-30C4788AB91F}.Release|x64.Build.0 = Release|Any CPU
		{80EF7089-A67D-4506-8623-30C4788AB91F}.Release|x86.ActiveCfg = Release|Any CPU
		{80EF7089-A67D-4506-8623-30C4788AB91F}.Release|x86.Build.0 = Release|Any CPU
		{2BD3FE4E-BEA3-40C0-9C85-EE85526429C7}.Debug|Any CPU.ActiveCfg = Debug|Any CPU
		{2BD3FE4E-BEA3-40C0-9C85-EE85526429C7}.Debug|Any CPU.Build.0 = Debug|Any CPU
		{2BD3FE4E-BEA3-40C0-9C85-EE85526429C7}.Debug|x64.ActiveCfg = Debug|Any CPU
		{2BD3FE4E-BEA3-40C0-9C85-EE85526429C7}.Debug|x64.Build.0 = Debug|Any CPU
		{2BD3FE4E-BEA3-40C0-9C85-EE85526429C7}.Debug|x86.ActiveCfg = Debug|Any CPU
		{2BD3FE4E-BEA3-40C0-9C85-EE85526429C7}.Debug|x86.Build.0 = Debug|Any CPU
		{2BD3FE4E-BEA3-40C0-9C85-EE85526429C7}.Release|Any CPU.ActiveCfg = Release|Any CPU
		{2BD3FE4E-BEA3-40C0-9C85-EE85526429C7}.Release|Any CPU.Build.0 = Release|Any CPU
		{2BD3FE4E-BEA3-40C0-9C85-EE85526429C7}.Release|x64.ActiveCfg = Release|Any CPU
		{2BD3FE4E-BEA3-40C0-9C85-EE85526429C7}.Release|x64.Build.0 = Release|Any CPU
		{2BD3FE4E-BEA3-40C0-9C85-EE85526429C7}.Release|x86.ActiveCfg = Release|Any CPU
		{2BD3FE4E-BEA3-40C0-9C85-EE85526429C7}.Release|x86.Build.0 = Release|Any CPU
		{05590C7B-02C8-4241-975B-85170D75DD6B}.Debug|Any CPU.ActiveCfg = Debug|Any CPU
		{05590C7B-02C8-4241-975B-85170D75DD6B}.Debug|Any CPU.Build.0 = Debug|Any CPU
		{05590C7B-02C8-4241-975B-85170D75DD6B}.Debug|x64.ActiveCfg = Debug|Any CPU
		{05590C7B-02C8-4241-975B-85170D75DD6B}.Debug|x64.Build.0 = Debug|Any CPU
		{05590C7B-02C8-4241-975B-85170D75DD6B}.Debug|x86.ActiveCfg = Debug|Any CPU
		{05590C7B-02C8-4241-975B-85170D75DD6B}.Debug|x86.Build.0 = Debug|Any CPU
		{05590C7B-02C8-4241-975B-85170D75DD6B}.Release|Any CPU.ActiveCfg = Release|Any CPU
		{05590C7B-02C8-4241-975B-85170D75DD6B}.Release|Any CPU.Build.0 = Release|Any CPU
		{05590C7B-02C8-4241-975B-85170D75DD6B}.Release|x64.ActiveCfg = Release|Any CPU
		{05590C7B-02C8-4241-975B-85170D75DD6B}.Release|x64.Build.0 = Release|Any CPU
		{05590C7B-02C8-4241-975B-85170D75DD6B}.Release|x86.ActiveCfg = Release|Any CPU
		{05590C7B-02C8-4241-975B-85170D75DD6B}.Release|x86.Build.0 = Release|Any CPU
		{857A98FD-7DE4-4372-8402-BB284326B552}.Debug|Any CPU.ActiveCfg = Debug|Any CPU
		{857A98FD-7DE4-4372-8402-BB284326B552}.Debug|Any CPU.Build.0 = Debug|Any CPU
		{857A98FD-7DE4-4372-8402-BB284326B552}.Debug|x64.ActiveCfg = Debug|Any CPU
		{857A98FD-7DE4-4372-8402-BB284326B552}.Debug|x64.Build.0 = Debug|Any CPU
		{857A98FD-7DE4-4372-8402-BB284326B552}.Debug|x86.ActiveCfg = Debug|Any CPU
		{857A98FD-7DE4-4372-8402-BB284326B552}.Debug|x86.Build.0 = Debug|Any CPU
		{857A98FD-7DE4-4372-8402-BB284326B552}.Release|Any CPU.ActiveCfg = Release|Any CPU
		{857A98FD-7DE4-4372-8402-BB284326B552}.Release|Any CPU.Build.0 = Release|Any CPU
		{857A98FD-7DE4-4372-8402-BB284326B552}.Release|x64.ActiveCfg = Release|Any CPU
		{857A98FD-7DE4-4372-8402-BB284326B552}.Release|x64.Build.0 = Release|Any CPU
		{857A98FD-7DE4-4372-8402-BB284326B552}.Release|x86.ActiveCfg = Release|Any CPU
		{857A98FD-7DE4-4372-8402-BB284326B552}.Release|x86.Build.0 = Release|Any CPU
		{1966DE3A-CC38-4C29-A0FC-F612C243DD94}.Debug|Any CPU.ActiveCfg = Debug|Any CPU
		{1966DE3A-CC38-4C29-A0FC-F612C243DD94}.Debug|Any CPU.Build.0 = Debug|Any CPU
		{1966DE3A-CC38-4C29-A0FC-F612C243DD94}.Debug|x64.ActiveCfg = Debug|Any CPU
		{1966DE3A-CC38-4C29-A0FC-F612C243DD94}.Debug|x64.Build.0 = Debug|Any CPU
		{1966DE3A-CC38-4C29-A0FC-F612C243DD94}.Debug|x86.ActiveCfg = Debug|Any CPU
		{1966DE3A-CC38-4C29-A0FC-F612C243DD94}.Debug|x86.Build.0 = Debug|Any CPU
		{1966DE3A-CC38-4C29-A0FC-F612C243DD94}.Release|Any CPU.ActiveCfg = Release|Any CPU
		{1966DE3A-CC38-4C29-A0FC-F612C243DD94}.Release|Any CPU.Build.0 = Release|Any CPU
		{1966DE3A-CC38-4C29-A0FC-F612C243DD94}.Release|x64.ActiveCfg = Release|Any CPU
		{1966DE3A-CC38-4C29-A0FC-F612C243DD94}.Release|x64.Build.0 = Release|Any CPU
		{1966DE3A-CC38-4C29-A0FC-F612C243DD94}.Release|x86.ActiveCfg = Release|Any CPU
		{1966DE3A-CC38-4C29-A0FC-F612C243DD94}.Release|x86.Build.0 = Release|Any CPU
		{563E4359-167E-402F-A731-928AE60A4804}.Debug|Any CPU.ActiveCfg = Debug|Any CPU
		{563E4359-167E-402F-A731-928AE60A4804}.Debug|Any CPU.Build.0 = Debug|Any CPU
		{563E4359-167E-402F-A731-928AE60A4804}.Debug|x64.ActiveCfg = Debug|Any CPU
		{563E4359-167E-402F-A731-928AE60A4804}.Debug|x64.Build.0 = Debug|Any CPU
		{563E4359-167E-402F-A731-928AE60A4804}.Debug|x86.ActiveCfg = Debug|Any CPU
		{563E4359-167E-402F-A731-928AE60A4804}.Debug|x86.Build.0 = Debug|Any CPU
		{563E4359-167E-402F-A731-928AE60A4804}.Release|Any CPU.ActiveCfg = Release|Any CPU
		{563E4359-167E-402F-A731-928AE60A4804}.Release|Any CPU.Build.0 = Release|Any CPU
		{563E4359-167E-402F-A731-928AE60A4804}.Release|x64.ActiveCfg = Release|Any CPU
		{563E4359-167E-402F-A731-928AE60A4804}.Release|x64.Build.0 = Release|Any CPU
		{563E4359-167E-402F-A731-928AE60A4804}.Release|x86.ActiveCfg = Release|Any CPU
		{563E4359-167E-402F-A731-928AE60A4804}.Release|x86.Build.0 = Release|Any CPU
		{48C1F541-2565-4651-9ACD-7F42767FFAEC}.Debug|Any CPU.ActiveCfg = Debug|Any CPU
		{48C1F541-2565-4651-9ACD-7F42767FFAEC}.Debug|Any CPU.Build.0 = Debug|Any CPU
		{48C1F541-2565-4651-9ACD-7F42767FFAEC}.Debug|x64.ActiveCfg = Debug|Any CPU
		{48C1F541-2565-4651-9ACD-7F42767FFAEC}.Debug|x64.Build.0 = Debug|Any CPU
		{48C1F541-2565-4651-9ACD-7F42767FFAEC}.Debug|x86.ActiveCfg = Debug|Any CPU
		{48C1F541-2565-4651-9ACD-7F42767FFAEC}.Debug|x86.Build.0 = Debug|Any CPU
		{48C1F541-2565-4651-9ACD-7F42767FFAEC}.Release|Any CPU.ActiveCfg = Release|Any CPU
		{48C1F541-2565-4651-9ACD-7F42767FFAEC}.Release|Any CPU.Build.0 = Release|Any CPU
		{48C1F541-2565-4651-9ACD-7F42767FFAEC}.Release|x64.ActiveCfg = Release|Any CPU
		{48C1F541-2565-4651-9ACD-7F42767FFAEC}.Release|x64.Build.0 = Release|Any CPU
		{48C1F541-2565-4651-9ACD-7F42767FFAEC}.Release|x86.ActiveCfg = Release|Any CPU
		{48C1F541-2565-4651-9ACD-7F42767FFAEC}.Release|x86.Build.0 = Release|Any CPU
		{D054B8FC-0A9F-4006-B6F3-50B6F49DD248}.Debug|Any CPU.ActiveCfg = Debug|Any CPU
		{D054B8FC-0A9F-4006-B6F3-50B6F49DD248}.Debug|Any CPU.Build.0 = Debug|Any CPU
		{D054B8FC-0A9F-4006-B6F3-50B6F49DD248}.Debug|x64.ActiveCfg = Debug|Any CPU
		{D054B8FC-0A9F-4006-B6F3-50B6F49DD248}.Debug|x64.Build.0 = Debug|Any CPU
		{D054B8FC-0A9F-4006-B6F3-50B6F49DD248}.Debug|x86.ActiveCfg = Debug|Any CPU
		{D054B8FC-0A9F-4006-B6F3-50B6F49DD248}.Debug|x86.Build.0 = Debug|Any CPU
		{D054B8FC-0A9F-4006-B6F3-50B6F49DD248}.Release|Any CPU.ActiveCfg = Release|Any CPU
		{D054B8FC-0A9F-4006-B6F3-50B6F49DD248}.Release|Any CPU.Build.0 = Release|Any CPU
		{D054B8FC-0A9F-4006-B6F3-50B6F49DD248}.Release|x64.ActiveCfg = Release|Any CPU
		{D054B8FC-0A9F-4006-B6F3-50B6F49DD248}.Release|x64.Build.0 = Release|Any CPU
		{D054B8FC-0A9F-4006-B6F3-50B6F49DD248}.Release|x86.ActiveCfg = Release|Any CPU
		{D054B8FC-0A9F-4006-B6F3-50B6F49DD248}.Release|x86.Build.0 = Release|Any CPU
		{0786886F-C945-4632-8172-F0C85435CE73}.Debug|Any CPU.ActiveCfg = Debug|Any CPU
		{0786886F-C945-4632-8172-F0C85435CE73}.Debug|Any CPU.Build.0 = Debug|Any CPU
		{0786886F-C945-4632-8172-F0C85435CE73}.Debug|x64.ActiveCfg = Debug|Any CPU
		{0786886F-C945-4632-8172-F0C85435CE73}.Debug|x64.Build.0 = Debug|Any CPU
		{0786886F-C945-4632-8172-F0C85435CE73}.Debug|x86.ActiveCfg = Debug|Any CPU
		{0786886F-C945-4632-8172-F0C85435CE73}.Debug|x86.Build.0 = Debug|Any CPU
		{0786886F-C945-4632-8172-F0C85435CE73}.Release|Any CPU.ActiveCfg = Release|Any CPU
		{0786886F-C945-4632-8172-F0C85435CE73}.Release|Any CPU.Build.0 = Release|Any CPU
		{0786886F-C945-4632-8172-F0C85435CE73}.Release|x64.ActiveCfg = Release|Any CPU
		{0786886F-C945-4632-8172-F0C85435CE73}.Release|x64.Build.0 = Release|Any CPU
		{0786886F-C945-4632-8172-F0C85435CE73}.Release|x86.ActiveCfg = Release|Any CPU
		{0786886F-C945-4632-8172-F0C85435CE73}.Release|x86.Build.0 = Release|Any CPU
		{1B490E90-622F-4E59-A2E4-1EDA0D927DDC}.Debug|Any CPU.ActiveCfg = Debug|Any CPU
		{1B490E90-622F-4E59-A2E4-1EDA0D927DDC}.Debug|Any CPU.Build.0 = Debug|Any CPU
		{1B490E90-622F-4E59-A2E4-1EDA0D927DDC}.Debug|x64.ActiveCfg = Debug|Any CPU
		{1B490E90-622F-4E59-A2E4-1EDA0D927DDC}.Debug|x64.Build.0 = Debug|Any CPU
		{1B490E90-622F-4E59-A2E4-1EDA0D927DDC}.Debug|x86.ActiveCfg = Debug|Any CPU
		{1B490E90-622F-4E59-A2E4-1EDA0D927DDC}.Debug|x86.Build.0 = Debug|Any CPU
		{1B490E90-622F-4E59-A2E4-1EDA0D927DDC}.Release|Any CPU.ActiveCfg = Release|Any CPU
		{1B490E90-622F-4E59-A2E4-1EDA0D927DDC}.Release|Any CPU.Build.0 = Release|Any CPU
		{1B490E90-622F-4E59-A2E4-1EDA0D927DDC}.Release|x64.ActiveCfg = Release|Any CPU
		{1B490E90-622F-4E59-A2E4-1EDA0D927DDC}.Release|x64.Build.0 = Release|Any CPU
		{1B490E90-622F-4E59-A2E4-1EDA0D927DDC}.Release|x86.ActiveCfg = Release|Any CPU
		{1B490E90-622F-4E59-A2E4-1EDA0D927DDC}.Release|x86.Build.0 = Release|Any CPU
		{08D82F38-C8AC-4200-A1EE-0536FCE31996}.Debug|Any CPU.ActiveCfg = Debug|Any CPU
		{08D82F38-C8AC-4200-A1EE-0536FCE31996}.Debug|Any CPU.Build.0 = Debug|Any CPU
		{08D82F38-C8AC-4200-A1EE-0536FCE31996}.Debug|x64.ActiveCfg = Debug|Any CPU
		{08D82F38-C8AC-4200-A1EE-0536FCE31996}.Debug|x64.Build.0 = Debug|Any CPU
		{08D82F38-C8AC-4200-A1EE-0536FCE31996}.Debug|x86.ActiveCfg = Debug|Any CPU
		{08D82F38-C8AC-4200-A1EE-0536FCE31996}.Debug|x86.Build.0 = Debug|Any CPU
		{08D82F38-C8AC-4200-A1EE-0536FCE31996}.Release|Any CPU.ActiveCfg = Release|Any CPU
		{08D82F38-C8AC-4200-A1EE-0536FCE31996}.Release|Any CPU.Build.0 = Release|Any CPU
		{08D82F38-C8AC-4200-A1EE-0536FCE31996}.Release|x64.ActiveCfg = Release|Any CPU
		{08D82F38-C8AC-4200-A1EE-0536FCE31996}.Release|x64.Build.0 = Release|Any CPU
		{08D82F38-C8AC-4200-A1EE-0536FCE31996}.Release|x86.ActiveCfg = Release|Any CPU
		{08D82F38-C8AC-4200-A1EE-0536FCE31996}.Release|x86.Build.0 = Release|Any CPU
		{FADFBA57-4780-48A7-93CC-7A8700CDE63F}.Debug|Any CPU.ActiveCfg = Debug|Any CPU
		{FADFBA57-4780-48A7-93CC-7A8700CDE63F}.Debug|Any CPU.Build.0 = Debug|Any CPU
		{FADFBA57-4780-48A7-93CC-7A8700CDE63F}.Debug|x64.ActiveCfg = Debug|Any CPU
		{FADFBA57-4780-48A7-93CC-7A8700CDE63F}.Debug|x64.Build.0 = Debug|Any CPU
		{FADFBA57-4780-48A7-93CC-7A8700CDE63F}.Debug|x86.ActiveCfg = Debug|Any CPU
		{FADFBA57-4780-48A7-93CC-7A8700CDE63F}.Debug|x86.Build.0 = Debug|Any CPU
		{FADFBA57-4780-48A7-93CC-7A8700CDE63F}.Release|Any CPU.ActiveCfg = Release|Any CPU
		{FADFBA57-4780-48A7-93CC-7A8700CDE63F}.Release|Any CPU.Build.0 = Release|Any CPU
		{FADFBA57-4780-48A7-93CC-7A8700CDE63F}.Release|x64.ActiveCfg = Release|Any CPU
		{FADFBA57-4780-48A7-93CC-7A8700CDE63F}.Release|x64.Build.0 = Release|Any CPU
		{FADFBA57-4780-48A7-93CC-7A8700CDE63F}.Release|x86.ActiveCfg = Release|Any CPU
		{FADFBA57-4780-48A7-93CC-7A8700CDE63F}.Release|x86.Build.0 = Release|Any CPU
		{8754EA0F-667E-498F-8D1E-6BC894159A4C}.Debug|Any CPU.ActiveCfg = Debug|Any CPU
		{8754EA0F-667E-498F-8D1E-6BC894159A4C}.Debug|Any CPU.Build.0 = Debug|Any CPU
		{8754EA0F-667E-498F-8D1E-6BC894159A4C}.Debug|x64.ActiveCfg = Debug|Any CPU
		{8754EA0F-667E-498F-8D1E-6BC894159A4C}.Debug|x64.Build.0 = Debug|Any CPU
		{8754EA0F-667E-498F-8D1E-6BC894159A4C}.Debug|x86.ActiveCfg = Debug|Any CPU
		{8754EA0F-667E-498F-8D1E-6BC894159A4C}.Debug|x86.Build.0 = Debug|Any CPU
		{8754EA0F-667E-498F-8D1E-6BC894159A4C}.Release|Any CPU.ActiveCfg = Release|Any CPU
		{8754EA0F-667E-498F-8D1E-6BC894159A4C}.Release|Any CPU.Build.0 = Release|Any CPU
		{8754EA0F-667E-498F-8D1E-6BC894159A4C}.Release|x64.ActiveCfg = Release|Any CPU
		{8754EA0F-667E-498F-8D1E-6BC894159A4C}.Release|x64.Build.0 = Release|Any CPU
		{8754EA0F-667E-498F-8D1E-6BC894159A4C}.Release|x86.ActiveCfg = Release|Any CPU
		{8754EA0F-667E-498F-8D1E-6BC894159A4C}.Release|x86.Build.0 = Release|Any CPU
		{2571E267-E42A-4039-BD83-842480205483}.Debug|Any CPU.ActiveCfg = Debug|Any CPU
		{2571E267-E42A-4039-BD83-842480205483}.Debug|Any CPU.Build.0 = Debug|Any CPU
		{2571E267-E42A-4039-BD83-842480205483}.Debug|x64.ActiveCfg = Debug|Any CPU
		{2571E267-E42A-4039-BD83-842480205483}.Debug|x64.Build.0 = Debug|Any CPU
		{2571E267-E42A-4039-BD83-842480205483}.Debug|x86.ActiveCfg = Debug|Any CPU
		{2571E267-E42A-4039-BD83-842480205483}.Debug|x86.Build.0 = Debug|Any CPU
		{2571E267-E42A-4039-BD83-842480205483}.Release|Any CPU.ActiveCfg = Release|Any CPU
		{2571E267-E42A-4039-BD83-842480205483}.Release|Any CPU.Build.0 = Release|Any CPU
		{2571E267-E42A-4039-BD83-842480205483}.Release|x64.ActiveCfg = Release|Any CPU
		{2571E267-E42A-4039-BD83-842480205483}.Release|x64.Build.0 = Release|Any CPU
		{2571E267-E42A-4039-BD83-842480205483}.Release|x86.ActiveCfg = Release|Any CPU
		{2571E267-E42A-4039-BD83-842480205483}.Release|x86.Build.0 = Release|Any CPU
		{975F8DA6-4C35-482C-BACD-F95B562F9CE3}.Debug|Any CPU.ActiveCfg = Debug|Any CPU
		{975F8DA6-4C35-482C-BACD-F95B562F9CE3}.Debug|Any CPU.Build.0 = Debug|Any CPU
		{975F8DA6-4C35-482C-BACD-F95B562F9CE3}.Debug|x64.ActiveCfg = Debug|Any CPU
		{975F8DA6-4C35-482C-BACD-F95B562F9CE3}.Debug|x64.Build.0 = Debug|Any CPU
		{975F8DA6-4C35-482C-BACD-F95B562F9CE3}.Debug|x86.ActiveCfg = Debug|Any CPU
		{975F8DA6-4C35-482C-BACD-F95B562F9CE3}.Debug|x86.Build.0 = Debug|Any CPU
		{975F8DA6-4C35-482C-BACD-F95B562F9CE3}.Release|Any CPU.ActiveCfg = Release|Any CPU
		{975F8DA6-4C35-482C-BACD-F95B562F9CE3}.Release|Any CPU.Build.0 = Release|Any CPU
		{975F8DA6-4C35-482C-BACD-F95B562F9CE3}.Release|x64.ActiveCfg = Release|Any CPU
		{975F8DA6-4C35-482C-BACD-F95B562F9CE3}.Release|x64.Build.0 = Release|Any CPU
		{975F8DA6-4C35-482C-BACD-F95B562F9CE3}.Release|x86.ActiveCfg = Release|Any CPU
		{975F8DA6-4C35-482C-BACD-F95B562F9CE3}.Release|x86.Build.0 = Release|Any CPU
		{B7360F87-D823-4240-910A-A0809DD18087}.Debug|Any CPU.ActiveCfg = Debug|Any CPU
		{B7360F87-D823-4240-910A-A0809DD18087}.Debug|Any CPU.Build.0 = Debug|Any CPU
		{B7360F87-D823-4240-910A-A0809DD18087}.Debug|x64.ActiveCfg = Debug|Any CPU
		{B7360F87-D823-4240-910A-A0809DD18087}.Debug|x64.Build.0 = Debug|Any CPU
		{B7360F87-D823-4240-910A-A0809DD18087}.Debug|x86.ActiveCfg = Debug|Any CPU
		{B7360F87-D823-4240-910A-A0809DD18087}.Debug|x86.Build.0 = Debug|Any CPU
		{B7360F87-D823-4240-910A-A0809DD18087}.Release|Any CPU.ActiveCfg = Release|Any CPU
		{B7360F87-D823-4240-910A-A0809DD18087}.Release|Any CPU.Build.0 = Release|Any CPU
		{B7360F87-D823-4240-910A-A0809DD18087}.Release|x64.ActiveCfg = Release|Any CPU
		{B7360F87-D823-4240-910A-A0809DD18087}.Release|x64.Build.0 = Release|Any CPU
		{B7360F87-D823-4240-910A-A0809DD18087}.Release|x86.ActiveCfg = Release|Any CPU
		{B7360F87-D823-4240-910A-A0809DD18087}.Release|x86.Build.0 = Release|Any CPU
		{D833673D-5B44-40AF-AADA-1799D12870A8}.Debug|Any CPU.ActiveCfg = Debug|Any CPU
		{D833673D-5B44-40AF-AADA-1799D12870A8}.Debug|Any CPU.Build.0 = Debug|Any CPU
		{D833673D-5B44-40AF-AADA-1799D12870A8}.Debug|x64.ActiveCfg = Debug|Any CPU
		{D833673D-5B44-40AF-AADA-1799D12870A8}.Debug|x64.Build.0 = Debug|Any CPU
		{D833673D-5B44-40AF-AADA-1799D12870A8}.Debug|x86.ActiveCfg = Debug|Any CPU
		{D833673D-5B44-40AF-AADA-1799D12870A8}.Debug|x86.Build.0 = Debug|Any CPU
		{D833673D-5B44-40AF-AADA-1799D12870A8}.Release|Any CPU.ActiveCfg = Release|Any CPU
		{D833673D-5B44-40AF-AADA-1799D12870A8}.Release|Any CPU.Build.0 = Release|Any CPU
		{D833673D-5B44-40AF-AADA-1799D12870A8}.Release|x64.ActiveCfg = Release|Any CPU
		{D833673D-5B44-40AF-AADA-1799D12870A8}.Release|x64.Build.0 = Release|Any CPU
		{D833673D-5B44-40AF-AADA-1799D12870A8}.Release|x86.ActiveCfg = Release|Any CPU
		{D833673D-5B44-40AF-AADA-1799D12870A8}.Release|x86.Build.0 = Release|Any CPU
		{0D97CDC8-6643-48B9-8DCE-4A97F28013FC}.Debug|Any CPU.ActiveCfg = Debug|Any CPU
		{0D97CDC8-6643-48B9-8DCE-4A97F28013FC}.Debug|Any CPU.Build.0 = Debug|Any CPU
		{0D97CDC8-6643-48B9-8DCE-4A97F28013FC}.Debug|x64.ActiveCfg = Debug|Any CPU
		{0D97CDC8-6643-48B9-8DCE-4A97F28013FC}.Debug|x64.Build.0 = Debug|Any CPU
		{0D97CDC8-6643-48B9-8DCE-4A97F28013FC}.Debug|x86.ActiveCfg = Debug|Any CPU
		{0D97CDC8-6643-48B9-8DCE-4A97F28013FC}.Debug|x86.Build.0 = Debug|Any CPU
		{0D97CDC8-6643-48B9-8DCE-4A97F28013FC}.Release|Any CPU.ActiveCfg = Release|Any CPU
		{0D97CDC8-6643-48B9-8DCE-4A97F28013FC}.Release|Any CPU.Build.0 = Release|Any CPU
		{0D97CDC8-6643-48B9-8DCE-4A97F28013FC}.Release|x64.ActiveCfg = Release|Any CPU
		{0D97CDC8-6643-48B9-8DCE-4A97F28013FC}.Release|x64.Build.0 = Release|Any CPU
		{0D97CDC8-6643-48B9-8DCE-4A97F28013FC}.Release|x86.ActiveCfg = Release|Any CPU
		{0D97CDC8-6643-48B9-8DCE-4A97F28013FC}.Release|x86.Build.0 = Release|Any CPU
		{4EEC7F60-0263-4994-AD3C-B5794D727AB0}.Debug|Any CPU.ActiveCfg = Debug|Any CPU
		{4EEC7F60-0263-4994-AD3C-B5794D727AB0}.Debug|Any CPU.Build.0 = Debug|Any CPU
		{4EEC7F60-0263-4994-AD3C-B5794D727AB0}.Debug|x64.ActiveCfg = Debug|Any CPU
		{4EEC7F60-0263-4994-AD3C-B5794D727AB0}.Debug|x64.Build.0 = Debug|Any CPU
		{4EEC7F60-0263-4994-AD3C-B5794D727AB0}.Debug|x86.ActiveCfg = Debug|Any CPU
		{4EEC7F60-0263-4994-AD3C-B5794D727AB0}.Debug|x86.Build.0 = Debug|Any CPU
		{4EEC7F60-0263-4994-AD3C-B5794D727AB0}.Release|Any CPU.ActiveCfg = Release|Any CPU
		{4EEC7F60-0263-4994-AD3C-B5794D727AB0}.Release|Any CPU.Build.0 = Release|Any CPU
		{4EEC7F60-0263-4994-AD3C-B5794D727AB0}.Release|x64.ActiveCfg = Release|Any CPU
		{4EEC7F60-0263-4994-AD3C-B5794D727AB0}.Release|x64.Build.0 = Release|Any CPU
		{4EEC7F60-0263-4994-AD3C-B5794D727AB0}.Release|x86.ActiveCfg = Release|Any CPU
		{4EEC7F60-0263-4994-AD3C-B5794D727AB0}.Release|x86.Build.0 = Release|Any CPU
		{203F4C54-47A4-4068-B53B-ED75C8E27D26}.Debug|Any CPU.ActiveCfg = Debug|Any CPU
		{203F4C54-47A4-4068-B53B-ED75C8E27D26}.Debug|Any CPU.Build.0 = Debug|Any CPU
		{203F4C54-47A4-4068-B53B-ED75C8E27D26}.Debug|x64.ActiveCfg = Debug|Any CPU
		{203F4C54-47A4-4068-B53B-ED75C8E27D26}.Debug|x64.Build.0 = Debug|Any CPU
		{203F4C54-47A4-4068-B53B-ED75C8E27D26}.Debug|x86.ActiveCfg = Debug|Any CPU
		{203F4C54-47A4-4068-B53B-ED75C8E27D26}.Debug|x86.Build.0 = Debug|Any CPU
		{203F4C54-47A4-4068-B53B-ED75C8E27D26}.Release|Any CPU.ActiveCfg = Release|Any CPU
		{203F4C54-47A4-4068-B53B-ED75C8E27D26}.Release|Any CPU.Build.0 = Release|Any CPU
		{203F4C54-47A4-4068-B53B-ED75C8E27D26}.Release|x64.ActiveCfg = Release|Any CPU
		{203F4C54-47A4-4068-B53B-ED75C8E27D26}.Release|x64.Build.0 = Release|Any CPU
		{203F4C54-47A4-4068-B53B-ED75C8E27D26}.Release|x86.ActiveCfg = Release|Any CPU
		{203F4C54-47A4-4068-B53B-ED75C8E27D26}.Release|x86.Build.0 = Release|Any CPU
		{5B860C45-FC34-45A5-B4DB-0F3405D5D29C}.Debug|Any CPU.ActiveCfg = Debug|Any CPU
		{5B860C45-FC34-45A5-B4DB-0F3405D5D29C}.Debug|Any CPU.Build.0 = Debug|Any CPU
		{5B860C45-FC34-45A5-B4DB-0F3405D5D29C}.Debug|x64.ActiveCfg = Debug|Any CPU
		{5B860C45-FC34-45A5-B4DB-0F3405D5D29C}.Debug|x64.Build.0 = Debug|Any CPU
		{5B860C45-FC34-45A5-B4DB-0F3405D5D29C}.Debug|x86.ActiveCfg = Debug|Any CPU
		{5B860C45-FC34-45A5-B4DB-0F3405D5D29C}.Debug|x86.Build.0 = Debug|Any CPU
		{5B860C45-FC34-45A5-B4DB-0F3405D5D29C}.Release|Any CPU.ActiveCfg = Release|Any CPU
		{5B860C45-FC34-45A5-B4DB-0F3405D5D29C}.Release|Any CPU.Build.0 = Release|Any CPU
		{5B860C45-FC34-45A5-B4DB-0F3405D5D29C}.Release|x64.ActiveCfg = Release|Any CPU
		{5B860C45-FC34-45A5-B4DB-0F3405D5D29C}.Release|x64.Build.0 = Release|Any CPU
		{5B860C45-FC34-45A5-B4DB-0F3405D5D29C}.Release|x86.ActiveCfg = Release|Any CPU
		{5B860C45-FC34-45A5-B4DB-0F3405D5D29C}.Release|x86.Build.0 = Release|Any CPU
		{4D69F8F4-41B4-488A-9AA7-F77C0DF367D4}.Debug|Any CPU.ActiveCfg = Debug|Any CPU
		{4D69F8F4-41B4-488A-9AA7-F77C0DF367D4}.Debug|Any CPU.Build.0 = Debug|Any CPU
		{4D69F8F4-41B4-488A-9AA7-F77C0DF367D4}.Debug|x64.ActiveCfg = Debug|Any CPU
		{4D69F8F4-41B4-488A-9AA7-F77C0DF367D4}.Debug|x64.Build.0 = Debug|Any CPU
		{4D69F8F4-41B4-488A-9AA7-F77C0DF367D4}.Debug|x86.ActiveCfg = Debug|Any CPU
		{4D69F8F4-41B4-488A-9AA7-F77C0DF367D4}.Debug|x86.Build.0 = Debug|Any CPU
		{4D69F8F4-41B4-488A-9AA7-F77C0DF367D4}.Release|Any CPU.ActiveCfg = Release|Any CPU
		{4D69F8F4-41B4-488A-9AA7-F77C0DF367D4}.Release|Any CPU.Build.0 = Release|Any CPU
		{4D69F8F4-41B4-488A-9AA7-F77C0DF367D4}.Release|x64.ActiveCfg = Release|Any CPU
		{4D69F8F4-41B4-488A-9AA7-F77C0DF367D4}.Release|x64.Build.0 = Release|Any CPU
		{4D69F8F4-41B4-488A-9AA7-F77C0DF367D4}.Release|x86.ActiveCfg = Release|Any CPU
		{4D69F8F4-41B4-488A-9AA7-F77C0DF367D4}.Release|x86.Build.0 = Release|Any CPU
		{453A08FD-9B60-4C95-B51D-B0DE2CA9A61B}.Debug|Any CPU.ActiveCfg = Debug|Any CPU
		{453A08FD-9B60-4C95-B51D-B0DE2CA9A61B}.Debug|Any CPU.Build.0 = Debug|Any CPU
		{453A08FD-9B60-4C95-B51D-B0DE2CA9A61B}.Debug|x64.ActiveCfg = Debug|Any CPU
		{453A08FD-9B60-4C95-B51D-B0DE2CA9A61B}.Debug|x64.Build.0 = Debug|Any CPU
		{453A08FD-9B60-4C95-B51D-B0DE2CA9A61B}.Debug|x86.ActiveCfg = Debug|Any CPU
		{453A08FD-9B60-4C95-B51D-B0DE2CA9A61B}.Debug|x86.Build.0 = Debug|Any CPU
		{453A08FD-9B60-4C95-B51D-B0DE2CA9A61B}.Release|Any CPU.ActiveCfg = Release|Any CPU
		{453A08FD-9B60-4C95-B51D-B0DE2CA9A61B}.Release|Any CPU.Build.0 = Release|Any CPU
		{453A08FD-9B60-4C95-B51D-B0DE2CA9A61B}.Release|x64.ActiveCfg = Release|Any CPU
		{453A08FD-9B60-4C95-B51D-B0DE2CA9A61B}.Release|x64.Build.0 = Release|Any CPU
		{453A08FD-9B60-4C95-B51D-B0DE2CA9A61B}.Release|x86.ActiveCfg = Release|Any CPU
		{453A08FD-9B60-4C95-B51D-B0DE2CA9A61B}.Release|x86.Build.0 = Release|Any CPU
		{18F4E3EA-66BF-4600-84D3-11E049C8595F}.Debug|Any CPU.ActiveCfg = Debug|Any CPU
		{18F4E3EA-66BF-4600-84D3-11E049C8595F}.Debug|Any CPU.Build.0 = Debug|Any CPU
		{18F4E3EA-66BF-4600-84D3-11E049C8595F}.Debug|x64.ActiveCfg = Debug|Any CPU
		{18F4E3EA-66BF-4600-84D3-11E049C8595F}.Debug|x64.Build.0 = Debug|Any CPU
		{18F4E3EA-66BF-4600-84D3-11E049C8595F}.Debug|x86.ActiveCfg = Debug|Any CPU
		{18F4E3EA-66BF-4600-84D3-11E049C8595F}.Debug|x86.Build.0 = Debug|Any CPU
		{18F4E3EA-66BF-4600-84D3-11E049C8595F}.Release|Any CPU.ActiveCfg = Release|Any CPU
		{18F4E3EA-66BF-4600-84D3-11E049C8595F}.Release|Any CPU.Build.0 = Release|Any CPU
		{18F4E3EA-66BF-4600-84D3-11E049C8595F}.Release|x64.ActiveCfg = Release|Any CPU
		{18F4E3EA-66BF-4600-84D3-11E049C8595F}.Release|x64.Build.0 = Release|Any CPU
		{18F4E3EA-66BF-4600-84D3-11E049C8595F}.Release|x86.ActiveCfg = Release|Any CPU
		{18F4E3EA-66BF-4600-84D3-11E049C8595F}.Release|x86.Build.0 = Release|Any CPU
		{39AF72DC-C091-4CC4-9DA1-5A0BA27C2829}.Debug|Any CPU.ActiveCfg = Debug|Any CPU
		{39AF72DC-C091-4CC4-9DA1-5A0BA27C2829}.Debug|Any CPU.Build.0 = Debug|Any CPU
		{39AF72DC-C091-4CC4-9DA1-5A0BA27C2829}.Debug|x64.ActiveCfg = Debug|Any CPU
		{39AF72DC-C091-4CC4-9DA1-5A0BA27C2829}.Debug|x64.Build.0 = Debug|Any CPU
		{39AF72DC-C091-4CC4-9DA1-5A0BA27C2829}.Debug|x86.ActiveCfg = Debug|Any CPU
		{39AF72DC-C091-4CC4-9DA1-5A0BA27C2829}.Debug|x86.Build.0 = Debug|Any CPU
		{39AF72DC-C091-4CC4-9DA1-5A0BA27C2829}.Release|Any CPU.ActiveCfg = Release|Any CPU
		{39AF72DC-C091-4CC4-9DA1-5A0BA27C2829}.Release|Any CPU.Build.0 = Release|Any CPU
		{39AF72DC-C091-4CC4-9DA1-5A0BA27C2829}.Release|x64.ActiveCfg = Release|Any CPU
		{39AF72DC-C091-4CC4-9DA1-5A0BA27C2829}.Release|x64.Build.0 = Release|Any CPU
		{39AF72DC-C091-4CC4-9DA1-5A0BA27C2829}.Release|x86.ActiveCfg = Release|Any CPU
		{39AF72DC-C091-4CC4-9DA1-5A0BA27C2829}.Release|x86.Build.0 = Release|Any CPU
		{2234BC3C-04AD-4509-8EF2-E19BFAEE54D5}.Debug|Any CPU.ActiveCfg = Debug|Any CPU
		{2234BC3C-04AD-4509-8EF2-E19BFAEE54D5}.Debug|Any CPU.Build.0 = Debug|Any CPU
		{2234BC3C-04AD-4509-8EF2-E19BFAEE54D5}.Debug|x64.ActiveCfg = Debug|Any CPU
		{2234BC3C-04AD-4509-8EF2-E19BFAEE54D5}.Debug|x64.Build.0 = Debug|Any CPU
		{2234BC3C-04AD-4509-8EF2-E19BFAEE54D5}.Debug|x86.ActiveCfg = Debug|Any CPU
		{2234BC3C-04AD-4509-8EF2-E19BFAEE54D5}.Debug|x86.Build.0 = Debug|Any CPU
		{2234BC3C-04AD-4509-8EF2-E19BFAEE54D5}.Release|Any CPU.ActiveCfg = Release|Any CPU
		{2234BC3C-04AD-4509-8EF2-E19BFAEE54D5}.Release|Any CPU.Build.0 = Release|Any CPU
		{2234BC3C-04AD-4509-8EF2-E19BFAEE54D5}.Release|x64.ActiveCfg = Release|Any CPU
		{2234BC3C-04AD-4509-8EF2-E19BFAEE54D5}.Release|x64.Build.0 = Release|Any CPU
		{2234BC3C-04AD-4509-8EF2-E19BFAEE54D5}.Release|x86.ActiveCfg = Release|Any CPU
		{2234BC3C-04AD-4509-8EF2-E19BFAEE54D5}.Release|x86.Build.0 = Release|Any CPU
		{0FA37897-12BC-46D6-95D7-80336B67707E}.Debug|Any CPU.ActiveCfg = Debug|Any CPU
		{0FA37897-12BC-46D6-95D7-80336B67707E}.Debug|Any CPU.Build.0 = Debug|Any CPU
		{0FA37897-12BC-46D6-95D7-80336B67707E}.Debug|x64.ActiveCfg = Debug|Any CPU
		{0FA37897-12BC-46D6-95D7-80336B67707E}.Debug|x64.Build.0 = Debug|Any CPU
		{0FA37897-12BC-46D6-95D7-80336B67707E}.Debug|x86.ActiveCfg = Debug|Any CPU
		{0FA37897-12BC-46D6-95D7-80336B67707E}.Debug|x86.Build.0 = Debug|Any CPU
		{0FA37897-12BC-46D6-95D7-80336B67707E}.Release|Any CPU.ActiveCfg = Release|Any CPU
		{0FA37897-12BC-46D6-95D7-80336B67707E}.Release|Any CPU.Build.0 = Release|Any CPU
		{0FA37897-12BC-46D6-95D7-80336B67707E}.Release|x64.ActiveCfg = Release|Any CPU
		{0FA37897-12BC-46D6-95D7-80336B67707E}.Release|x64.Build.0 = Release|Any CPU
		{0FA37897-12BC-46D6-95D7-80336B67707E}.Release|x86.ActiveCfg = Release|Any CPU
		{0FA37897-12BC-46D6-95D7-80336B67707E}.Release|x86.Build.0 = Release|Any CPU
		{91AFD0F1-4DE9-4F2C-88FD-D35E4D7FF33A}.Debug|Any CPU.ActiveCfg = Debug|Any CPU
		{91AFD0F1-4DE9-4F2C-88FD-D35E4D7FF33A}.Debug|Any CPU.Build.0 = Debug|Any CPU
		{91AFD0F1-4DE9-4F2C-88FD-D35E4D7FF33A}.Debug|x64.ActiveCfg = Debug|Any CPU
		{91AFD0F1-4DE9-4F2C-88FD-D35E4D7FF33A}.Debug|x64.Build.0 = Debug|Any CPU
		{91AFD0F1-4DE9-4F2C-88FD-D35E4D7FF33A}.Debug|x86.ActiveCfg = Debug|Any CPU
		{91AFD0F1-4DE9-4F2C-88FD-D35E4D7FF33A}.Debug|x86.Build.0 = Debug|Any CPU
		{91AFD0F1-4DE9-4F2C-88FD-D35E4D7FF33A}.Release|Any CPU.ActiveCfg = Release|Any CPU
		{91AFD0F1-4DE9-4F2C-88FD-D35E4D7FF33A}.Release|Any CPU.Build.0 = Release|Any CPU
		{91AFD0F1-4DE9-4F2C-88FD-D35E4D7FF33A}.Release|x64.ActiveCfg = Release|Any CPU
		{91AFD0F1-4DE9-4F2C-88FD-D35E4D7FF33A}.Release|x64.Build.0 = Release|Any CPU
		{91AFD0F1-4DE9-4F2C-88FD-D35E4D7FF33A}.Release|x86.ActiveCfg = Release|Any CPU
		{91AFD0F1-4DE9-4F2C-88FD-D35E4D7FF33A}.Release|x86.Build.0 = Release|Any CPU
		{11760626-8BDD-4B89-B749-8E569ADAFB54}.Debug|Any CPU.ActiveCfg = Debug|Any CPU
		{11760626-8BDD-4B89-B749-8E569ADAFB54}.Debug|Any CPU.Build.0 = Debug|Any CPU
		{11760626-8BDD-4B89-B749-8E569ADAFB54}.Debug|x64.ActiveCfg = Debug|Any CPU
		{11760626-8BDD-4B89-B749-8E569ADAFB54}.Debug|x64.Build.0 = Debug|Any CPU
		{11760626-8BDD-4B89-B749-8E569ADAFB54}.Debug|x86.ActiveCfg = Debug|Any CPU
		{11760626-8BDD-4B89-B749-8E569ADAFB54}.Debug|x86.Build.0 = Debug|Any CPU
		{11760626-8BDD-4B89-B749-8E569ADAFB54}.Release|Any CPU.ActiveCfg = Release|Any CPU
		{11760626-8BDD-4B89-B749-8E569ADAFB54}.Release|Any CPU.Build.0 = Release|Any CPU
		{11760626-8BDD-4B89-B749-8E569ADAFB54}.Release|x64.ActiveCfg = Release|Any CPU
		{11760626-8BDD-4B89-B749-8E569ADAFB54}.Release|x64.Build.0 = Release|Any CPU
		{11760626-8BDD-4B89-B749-8E569ADAFB54}.Release|x86.ActiveCfg = Release|Any CPU
		{11760626-8BDD-4B89-B749-8E569ADAFB54}.Release|x86.Build.0 = Release|Any CPU
		{89E1F25A-F264-4A46-8492-825A6AEA52D4}.Debug|Any CPU.ActiveCfg = Debug|Any CPU
		{89E1F25A-F264-4A46-8492-825A6AEA52D4}.Debug|Any CPU.Build.0 = Debug|Any CPU
		{89E1F25A-F264-4A46-8492-825A6AEA52D4}.Debug|x64.ActiveCfg = Debug|Any CPU
		{89E1F25A-F264-4A46-8492-825A6AEA52D4}.Debug|x64.Build.0 = Debug|Any CPU
		{89E1F25A-F264-4A46-8492-825A6AEA52D4}.Debug|x86.ActiveCfg = Debug|Any CPU
		{89E1F25A-F264-4A46-8492-825A6AEA52D4}.Debug|x86.Build.0 = Debug|Any CPU
		{89E1F25A-F264-4A46-8492-825A6AEA52D4}.Release|Any CPU.ActiveCfg = Release|Any CPU
		{89E1F25A-F264-4A46-8492-825A6AEA52D4}.Release|Any CPU.Build.0 = Release|Any CPU
		{89E1F25A-F264-4A46-8492-825A6AEA52D4}.Release|x64.ActiveCfg = Release|Any CPU
		{89E1F25A-F264-4A46-8492-825A6AEA52D4}.Release|x64.Build.0 = Release|Any CPU
		{89E1F25A-F264-4A46-8492-825A6AEA52D4}.Release|x86.ActiveCfg = Release|Any CPU
		{89E1F25A-F264-4A46-8492-825A6AEA52D4}.Release|x86.Build.0 = Release|Any CPU
		{FC19D501-5A8A-417E-8CE0-BCB62A0AF90F}.Debug|Any CPU.ActiveCfg = Debug|Any CPU
		{FC19D501-5A8A-417E-8CE0-BCB62A0AF90F}.Debug|Any CPU.Build.0 = Debug|Any CPU
		{FC19D501-5A8A-417E-8CE0-BCB62A0AF90F}.Debug|x64.ActiveCfg = Debug|Any CPU
		{FC19D501-5A8A-417E-8CE0-BCB62A0AF90F}.Debug|x64.Build.0 = Debug|Any CPU
		{FC19D501-5A8A-417E-8CE0-BCB62A0AF90F}.Debug|x86.ActiveCfg = Debug|Any CPU
		{FC19D501-5A8A-417E-8CE0-BCB62A0AF90F}.Debug|x86.Build.0 = Debug|Any CPU
		{FC19D501-5A8A-417E-8CE0-BCB62A0AF90F}.Release|Any CPU.ActiveCfg = Release|Any CPU
		{FC19D501-5A8A-417E-8CE0-BCB62A0AF90F}.Release|Any CPU.Build.0 = Release|Any CPU
		{FC19D501-5A8A-417E-8CE0-BCB62A0AF90F}.Release|x64.ActiveCfg = Release|Any CPU
		{FC19D501-5A8A-417E-8CE0-BCB62A0AF90F}.Release|x64.Build.0 = Release|Any CPU
		{FC19D501-5A8A-417E-8CE0-BCB62A0AF90F}.Release|x86.ActiveCfg = Release|Any CPU
		{FC19D501-5A8A-417E-8CE0-BCB62A0AF90F}.Release|x86.Build.0 = Release|Any CPU
		{F9C87946-BEB9-41E9-9EFD-202B30FE959E}.Debug|Any CPU.ActiveCfg = Debug|Any CPU
		{F9C87946-BEB9-41E9-9EFD-202B30FE959E}.Debug|Any CPU.Build.0 = Debug|Any CPU
		{F9C87946-BEB9-41E9-9EFD-202B30FE959E}.Debug|x64.ActiveCfg = Debug|Any CPU
		{F9C87946-BEB9-41E9-9EFD-202B30FE959E}.Debug|x64.Build.0 = Debug|Any CPU
		{F9C87946-BEB9-41E9-9EFD-202B30FE959E}.Debug|x86.ActiveCfg = Debug|Any CPU
		{F9C87946-BEB9-41E9-9EFD-202B30FE959E}.Debug|x86.Build.0 = Debug|Any CPU
		{F9C87946-BEB9-41E9-9EFD-202B30FE959E}.Release|Any CPU.ActiveCfg = Release|Any CPU
		{F9C87946-BEB9-41E9-9EFD-202B30FE959E}.Release|Any CPU.Build.0 = Release|Any CPU
		{F9C87946-BEB9-41E9-9EFD-202B30FE959E}.Release|x64.ActiveCfg = Release|Any CPU
		{F9C87946-BEB9-41E9-9EFD-202B30FE959E}.Release|x64.Build.0 = Release|Any CPU
		{F9C87946-BEB9-41E9-9EFD-202B30FE959E}.Release|x86.ActiveCfg = Release|Any CPU
		{F9C87946-BEB9-41E9-9EFD-202B30FE959E}.Release|x86.Build.0 = Release|Any CPU
		{958D97D1-E16B-46B3-A220-C1D222A9B82C}.Debug|Any CPU.ActiveCfg = Debug|Any CPU
		{958D97D1-E16B-46B3-A220-C1D222A9B82C}.Debug|Any CPU.Build.0 = Debug|Any CPU
		{958D97D1-E16B-46B3-A220-C1D222A9B82C}.Debug|x64.ActiveCfg = Debug|Any CPU
		{958D97D1-E16B-46B3-A220-C1D222A9B82C}.Debug|x64.Build.0 = Debug|Any CPU
		{958D97D1-E16B-46B3-A220-C1D222A9B82C}.Debug|x86.ActiveCfg = Debug|Any CPU
		{958D97D1-E16B-46B3-A220-C1D222A9B82C}.Debug|x86.Build.0 = Debug|Any CPU
		{958D97D1-E16B-46B3-A220-C1D222A9B82C}.Release|Any CPU.ActiveCfg = Release|Any CPU
		{958D97D1-E16B-46B3-A220-C1D222A9B82C}.Release|Any CPU.Build.0 = Release|Any CPU
		{958D97D1-E16B-46B3-A220-C1D222A9B82C}.Release|x64.ActiveCfg = Release|Any CPU
		{958D97D1-E16B-46B3-A220-C1D222A9B82C}.Release|x64.Build.0 = Release|Any CPU
		{958D97D1-E16B-46B3-A220-C1D222A9B82C}.Release|x86.ActiveCfg = Release|Any CPU
		{958D97D1-E16B-46B3-A220-C1D222A9B82C}.Release|x86.Build.0 = Release|Any CPU
		{AC679C3F-6E5B-4061-9C1A-1FA70725FFF8}.Debug|Any CPU.ActiveCfg = Debug|Any CPU
		{AC679C3F-6E5B-4061-9C1A-1FA70725FFF8}.Debug|Any CPU.Build.0 = Debug|Any CPU
		{AC679C3F-6E5B-4061-9C1A-1FA70725FFF8}.Debug|x64.ActiveCfg = Debug|Any CPU
		{AC679C3F-6E5B-4061-9C1A-1FA70725FFF8}.Debug|x64.Build.0 = Debug|Any CPU
		{AC679C3F-6E5B-4061-9C1A-1FA70725FFF8}.Debug|x86.ActiveCfg = Debug|Any CPU
		{AC679C3F-6E5B-4061-9C1A-1FA70725FFF8}.Debug|x86.Build.0 = Debug|Any CPU
		{AC679C3F-6E5B-4061-9C1A-1FA70725FFF8}.Release|Any CPU.ActiveCfg = Release|Any CPU
		{AC679C3F-6E5B-4061-9C1A-1FA70725FFF8}.Release|Any CPU.Build.0 = Release|Any CPU
		{AC679C3F-6E5B-4061-9C1A-1FA70725FFF8}.Release|x64.ActiveCfg = Release|Any CPU
		{AC679C3F-6E5B-4061-9C1A-1FA70725FFF8}.Release|x64.Build.0 = Release|Any CPU
		{AC679C3F-6E5B-4061-9C1A-1FA70725FFF8}.Release|x86.ActiveCfg = Release|Any CPU
		{AC679C3F-6E5B-4061-9C1A-1FA70725FFF8}.Release|x86.Build.0 = Release|Any CPU
	EndGlobalSection
	GlobalSection(SolutionProperties) = preSolution
		HideSolutionNode = FALSE
	EndGlobalSection
	GlobalSection(NestedProjects) = preSolution
		{F37CFB61-94C1-4953-AC76-17260F61D461} = {EB8F5703-7212-4A4A-B8C8-D5D8E5A0B36E}
		{BA799F2D-A7AC-4604-97CE-79F4330933F8} = {EB8F5703-7212-4A4A-B8C8-D5D8E5A0B36E}
		{B05F843C-F277-4740-92E5-827153A0C42C} = {EB8F5703-7212-4A4A-B8C8-D5D8E5A0B36E}
		{80EF7089-A67D-4506-8623-30C4788AB91F} = {EB8F5703-7212-4A4A-B8C8-D5D8E5A0B36E}
		{2BD3FE4E-BEA3-40C0-9C85-EE85526429C7} = {EB8F5703-7212-4A4A-B8C8-D5D8E5A0B36E}
		{05590C7B-02C8-4241-975B-85170D75DD6B} = {EB8F5703-7212-4A4A-B8C8-D5D8E5A0B36E}
		{857A98FD-7DE4-4372-8402-BB284326B552} = {EB8F5703-7212-4A4A-B8C8-D5D8E5A0B36E}
		{1966DE3A-CC38-4C29-A0FC-F612C243DD94} = {EB8F5703-7212-4A4A-B8C8-D5D8E5A0B36E}
		{563E4359-167E-402F-A731-928AE60A4804} = {EB8F5703-7212-4A4A-B8C8-D5D8E5A0B36E}
		{48C1F541-2565-4651-9ACD-7F42767FFAEC} = {EB8F5703-7212-4A4A-B8C8-D5D8E5A0B36E}
		{D054B8FC-0A9F-4006-B6F3-50B6F49DD248} = {EB8F5703-7212-4A4A-B8C8-D5D8E5A0B36E}
		{0786886F-C945-4632-8172-F0C85435CE73} = {EB8F5703-7212-4A4A-B8C8-D5D8E5A0B36E}
		{1B490E90-622F-4E59-A2E4-1EDA0D927DDC} = {EB8F5703-7212-4A4A-B8C8-D5D8E5A0B36E}
		{08D82F38-C8AC-4200-A1EE-0536FCE31996} = {EB8F5703-7212-4A4A-B8C8-D5D8E5A0B36E}
		{FADFBA57-4780-48A7-93CC-7A8700CDE63F} = {EB8F5703-7212-4A4A-B8C8-D5D8E5A0B36E}
		{8754EA0F-667E-498F-8D1E-6BC894159A4C} = {EB8F5703-7212-4A4A-B8C8-D5D8E5A0B36E}
		{2571E267-E42A-4039-BD83-842480205483} = {EB8F5703-7212-4A4A-B8C8-D5D8E5A0B36E}
		{975F8DA6-4C35-482C-BACD-F95B562F9CE3} = {EB8F5703-7212-4A4A-B8C8-D5D8E5A0B36E}
		{B7360F87-D823-4240-910A-A0809DD18087} = {EB8F5703-7212-4A4A-B8C8-D5D8E5A0B36E}
		{D833673D-5B44-40AF-AADA-1799D12870A8} = {EB8F5703-7212-4A4A-B8C8-D5D8E5A0B36E}
		{0D97CDC8-6643-48B9-8DCE-4A97F28013FC} = {EB8F5703-7212-4A4A-B8C8-D5D8E5A0B36E}
		{4EEC7F60-0263-4994-AD3C-B5794D727AB0} = {EB8F5703-7212-4A4A-B8C8-D5D8E5A0B36E}
		{203F4C54-47A4-4068-B53B-ED75C8E27D26} = {93AFEC08-7229-4BBF-A033-AF7FFB52E926}
		{5B860C45-FC34-45A5-B4DB-0F3405D5D29C} = {93AFEC08-7229-4BBF-A033-AF7FFB52E926}
		{4D69F8F4-41B4-488A-9AA7-F77C0DF367D4} = {93AFEC08-7229-4BBF-A033-AF7FFB52E926}
		{453A08FD-9B60-4C95-B51D-B0DE2CA9A61B} = {93AFEC08-7229-4BBF-A033-AF7FFB52E926}
		{18F4E3EA-66BF-4600-84D3-11E049C8595F} = {93AFEC08-7229-4BBF-A033-AF7FFB52E926}
		{39AF72DC-C091-4CC4-9DA1-5A0BA27C2829} = {93AFEC08-7229-4BBF-A033-AF7FFB52E926}
		{FC37C05E-ED62-461A-B0F3-E9EF5A7DA7AB} = {F03061C2-8EFA-47B6-8F11-904E6EC64631}
		{2234BC3C-04AD-4509-8EF2-E19BFAEE54D5} = {FC37C05E-ED62-461A-B0F3-E9EF5A7DA7AB}
		{0FA37897-12BC-46D6-95D7-80336B67707E} = {FC37C05E-ED62-461A-B0F3-E9EF5A7DA7AB}
		{04052CAE-DBFA-4523-8F51-D6AB0AB07E75} = {F03061C2-8EFA-47B6-8F11-904E6EC64631}
		{91AFD0F1-4DE9-4F2C-88FD-D35E4D7FF33A} = {04052CAE-DBFA-4523-8F51-D6AB0AB07E75}
		{E4CA708A-A13D-4308-A3DC-1407B4C0D2F3} = {F03061C2-8EFA-47B6-8F11-904E6EC64631}
		{11760626-8BDD-4B89-B749-8E569ADAFB54} = {E4CA708A-A13D-4308-A3DC-1407B4C0D2F3}
		{89E1F25A-F264-4A46-8492-825A6AEA52D4} = {E4CA708A-A13D-4308-A3DC-1407B4C0D2F3}
		{FC19D501-5A8A-417E-8CE0-BCB62A0AF90F} = {E4CA708A-A13D-4308-A3DC-1407B4C0D2F3}
		{F9C87946-BEB9-41E9-9EFD-202B30FE959E} = {E4CA708A-A13D-4308-A3DC-1407B4C0D2F3}
		{958D97D1-E16B-46B3-A220-C1D222A9B82C} = {E4CA708A-A13D-4308-A3DC-1407B4C0D2F3}
		{AC679C3F-6E5B-4061-9C1A-1FA70725FFF8} = {E4CA708A-A13D-4308-A3DC-1407B4C0D2F3}
	EndGlobalSection
EndGlobal
