
Microsoft Visual Studio Solution File, Format Version 12.00
# Visual Studio Version 17
VisualStudioVersion = 17.0.31903.59
MinimumVisualStudioVersion = 10.0.40219.1
Project("{FAE04EC0-301F-11D3-BF4B-00C04F79EFBC}") = "PrimeService", "PrimeService\PrimeService.csproj", "{448849DE-3E0C-4649-AF57-846B52359DAE}"
EndProject
Project("{FAE04EC0-301F-11D3-BF4B-00C04F79EFBC}") = "PrimeService.Tests", "PrimeService.Tests\PrimeService.Tests.csproj", "{3A6E7B99-8258-4282-8053-6FCAA5BDBA28}"
EndProject
Global
	GlobalSection(SolutionConfigurationPlatforms) = preSolution
		Debug|Any CPU = Debug|Any CPU
		Release|Any CPU = Release|Any CPU
	EndGlobalSection
	GlobalSection(SolutionProperties) = preSolution
		HideSolutionNode = FALSE
	EndGlobalSection
	GlobalSection(ProjectConfigurationPlatforms) = postSolution
		{448849DE-3E0C-4649-AF57-846B52359DAE}.Debug|Any CPU.ActiveCfg = Debug|Any CPU
		{448849DE-3E0C-4649-AF57-846B52359DAE}.Debug|Any CPU.Build.0 = Debug|Any CPU
		{448849DE-3E0C-4649-AF57-846B52359DAE}.Release|Any CPU.ActiveCfg = Release|Any CPU
		{448849DE-3E0C-4649-AF57-846B52359DAE}.Release|Any CPU.Build.0 = Release|Any CPU
		{3A6E7B99-8258-4282-8053-6FCAA5BDBA28}.Debug|Any CPU.ActiveCfg = Debug|Any CPU
		{3A6E7B99-8258-4282-8053-6FCAA5BDBA28}.Debug|Any CPU.Build.0 = Debug|Any CPU
		{3A6E7B99-8258-4282-8053-6FCAA5BDBA28}.Release|Any CPU.ActiveCfg = Release|Any CPU
		{3A6E7B99-8258-4282-8053-6FCAA5BDBA28}.Release|Any CPU.Build.0 = Release|Any CPU
	EndGlobalSection
EndGlobal
